{
  "version": 4,
  "terraform_version": "1.4.6",
  "serial": 57,
  "lineage": "ed6c4878-a113-540d-b746-74b95f6af536",
  "outputs": {
    "alb_internetfacing_sg_id": {
      "value": "sg-0466d49ea7aade89f",
      "type": "string"
    },
    "apache_server_id": {
      "value": [
        [
          "i-078690e4fb82063d8",
          "i-0bd686d4da30599bb"
        ]
      ],
      "type": [
        "tuple",
        [
          [
            "tuple",
            [
              "string",
              "string"
            ]
          ]
        ]
      ]
    },
    "dynamodb_tb_arn": {
      "value": "arn:aws:dynamodb:us-east-1:326779754677:table/terraform-state-lock-dynamo",
      "type": "string"
    },
    "dynamodb_tb_billing": {
      "value": "PROVISIONED",
      "type": "string"
    },
    "dynamodb_tb_hash_key": {
      "value": "LockID",
      "type": "string"
    },
    "dynamodb_tb_id": {
      "value": "terraform-state-lock-dynamo",
      "type": "string"
    },
    "elastic_ip_id": {
      "value": [
        [
          "eipalloc-0f22cd9491a9edb7b",
          "eipalloc-085200277d068feb8"
        ]
      ],
      "type": [
        "tuple",
        [
          [
            "tuple",
            [
              "string",
              "string"
            ]
          ]
        ]
      ]
    },
    "igw_id": {
      "value": "igw-0cf9bef60e30a63dc",
      "type": "string"
    },
    "internal_alb_sg_id": {
      "value": "sg-0c5e4f38bb9ea2f65",
      "type": "string"
    },
    "internal_lb_dns_name": {
      "value": "internal-internalalb-1848513668.us-east-1.elb.amazonaws.com",
      "type": "string"
    },
    "internal_lb_id": {
      "value": "arn:aws:elasticloadbalancing:us-east-1:326779754677:loadbalancer/app/internalalb/d637b9c9392e254a",
      "type": "string"
    },
    "internet_facing_lb_dns_name": {
      "value": "externalalp-1746547897.us-east-1.elb.amazonaws.com",
      "type": "string"
    },
    "internet_facing_lb_id": {
      "value": "arn:aws:elasticloadbalancing:us-east-1:326779754677:loadbalancer/app/externalalp/b6c6dc576e0ebdb0",
      "type": "string"
    },
    "key_pair_id": {
      "value": "test",
      "type": "string"
    },
    "nginx_server_id": {
      "value": [
        [
          "i-088c12fb281adc047",
          "i-0edbadd39c8a88767"
        ]
      ],
      "type": [
        "tuple",
        [
          [
            "tuple",
            [
              "string",
              "string"
            ]
          ]
        ]
      ]
    },
    "nginx_server_public_ip": {
      "value": [
        [
          "34.238.163.36",
          "34.200.245.65"
        ]
      ],
      "type": [
        "tuple",
        [
          [
            "tuple",
            [
              "string",
              "string"
            ]
          ]
        ]
      ]
    },
    "ntgw_id": {
      "value": [
        [
          "nat-0a544526eb9921564",
          "nat-0d88ab5f991d8e79b"
        ]
      ],
      "type": [
        "tuple",
        [
          [
            "tuple",
            [
              "string",
              "string"
            ]
          ]
        ]
      ]
    },
    "private_instance_sg": {
      "value": "sg-0667999a96b71c61e",
      "type": "string"
    },
    "private_subnet_cidr": {
      "value": [
        "10.0.2.0/24",
        "10.0.3.0/24"
      ],
      "type": [
        "tuple",
        [
          "string",
          "string"
        ]
      ]
    },
    "private_subnet_id": {
      "value": [
        [
          "subnet-0ce06c74cd847af31",
          "subnet-0e6715048c2f15bcc"
        ]
      ],
      "type": [
        "tuple",
        [
          [
            "tuple",
            [
              "string",
              "string"
            ]
          ]
        ]
      ]
    },
    "public_instance_sg_id": {
      "value": "sg-08f66b946f2c2046c",
      "type": "string"
    },
    "public_subnet_cidr": {
      "value": [
        "10.0.0.0/24",
        "10.0.1.0/24"
      ],
      "type": [
        "tuple",
        [
          "string",
          "string"
        ]
      ]
    },
    "public_subnet_id": {
      "value": [
        [
          "subnet-051da7d21ea5966d0",
          "subnet-0fd8c61d9cb7df065"
        ]
      ],
      "type": [
        "tuple",
        [
          [
            "tuple",
            [
              "string",
              "string"
            ]
          ]
        ]
      ]
    },
    "s3_bucket_arn": {
      "value": "arn:aws:s3:::tereraformworkspaceremote123456kn789",
      "type": "string"
    },
    "s3_bucket_id": {
      "value": "tereraformworkspaceremote123456kn789",
      "type": "string"
    },
    "s3_object_id": {
      "value": "terraform.tfstate",
      "type": "string"
    },
    "vpc_id": {
      "value": "vpc-02affd65c9733ee7c",
      "type": "string"
    }
  },
  "resources": [
    {
      "module": "module.dynamo_db",
      "mode": "managed",
      "type": "aws_dynamodb_table",
      "name": "dynamodb_tb",
      "provider": "provider[\"registry.terraform.io/hashicorp/aws\"]",
      "instances": [
        {
          "schema_version": 1,
          "attributes": {
            "arn": "arn:aws:dynamodb:us-east-1:326779754677:table/terraform-state-lock-dynamo",
            "attribute": [
              {
                "name": "LockID",
                "type": "S"
              }
            ],
            "billing_mode": "PROVISIONED",
            "global_secondary_index": [],
            "hash_key": "LockID",
            "id": "terraform-state-lock-dynamo",
            "local_secondary_index": [],
            "name": "terraform-state-lock-dynamo",
            "point_in_time_recovery": [
              {
                "enabled": false
              }
            ],
            "range_key": null,
            "read_capacity": 20,
            "replica": [],
            "restore_date_time": null,
            "restore_source_name": null,
            "restore_to_latest_time": null,
            "server_side_encryption": [],
            "stream_arn": "",
            "stream_enabled": false,
            "stream_label": "",
            "stream_view_type": "",
            "table_class": "",
            "tags": {},
            "tags_all": {},
            "timeouts": null,
            "ttl": [
              {
                "attribute_name": "",
                "enabled": false
              }
            ],
            "write_capacity": 20
          },
          "sensitive_attributes": [],
          "private": "eyJlMmJmYjczMC1lY2FhLTExZTYtOGY4OC0zNDM2M2JjN2M0YzAiOnsiY3JlYXRlIjoxODAwMDAwMDAwMDAwLCJkZWxldGUiOjYwMDAwMDAwMDAwMCwidXBkYXRlIjozNjAwMDAwMDAwMDAwfSwic2NoZW1hX3ZlcnNpb24iOiIxIn0="
        }
      ]
    },
    {
      "module": "module.elastic_ip",
      "mode": "managed",
      "type": "aws_eip",
      "name": "elastic_ip",
      "provider": "provider[\"registry.terraform.io/hashicorp/aws\"]",
      "instances": [
        {
          "index_key": 0,
          "schema_version": 0,
          "attributes": {
            "address": null,
            "allocation_id": "eipalloc-0f22cd9491a9edb7b",
            "associate_with_private_ip": null,
            "association_id": "eipassoc-0333021b26a2ff1c3",
            "carrier_ip": "",
            "customer_owned_ip": "",
            "customer_owned_ipv4_pool": "",
            "domain": "vpc",
            "id": "eipalloc-0f22cd9491a9edb7b",
            "instance": "",
            "network_border_group": "us-east-1",
            "network_interface": "eni-0609ff417f3a771ce",
            "private_dns": "ip-10-0-0-153.ec2.internal",
            "private_ip": "10.0.0.153",
            "public_dns": "ec2-3-209-30-209.compute-1.amazonaws.com",
            "public_ip": "3.209.30.209",
            "public_ipv4_pool": "amazon",
            "tags": {
              "Name": "eip-0"
            },
            "tags_all": {
              "Name": "eip-0"
            },
            "timeouts": null,
            "vpc": true
          },
          "sensitive_attributes": [],
          "private": "eyJlMmJmYjczMC1lY2FhLTExZTYtOGY4OC0zNDM2M2JjN2M0YzAiOnsiZGVsZXRlIjoxODAwMDAwMDAwMDAsInJlYWQiOjkwMDAwMDAwMDAwMCwidXBkYXRlIjozMDAwMDAwMDAwMDB9fQ=="
        },
        {
          "index_key": 1,
          "schema_version": 0,
          "attributes": {
            "address": null,
            "allocation_id": "eipalloc-085200277d068feb8",
            "associate_with_private_ip": null,
            "association_id": "eipassoc-0e372f317aad70bae",
            "carrier_ip": "",
            "customer_owned_ip": "",
            "customer_owned_ipv4_pool": "",
            "domain": "vpc",
            "id": "eipalloc-085200277d068feb8",
            "instance": "",
            "network_border_group": "us-east-1",
            "network_interface": "eni-01e376aad5ad615e2",
            "private_dns": "ip-10-0-1-85.ec2.internal",
            "private_ip": "10.0.1.85",
            "public_dns": "ec2-3-230-68-58.compute-1.amazonaws.com",
            "public_ip": "3.230.68.58",
            "public_ipv4_pool": "amazon",
            "tags": {
              "Name": "eip-1"
            },
            "tags_all": {
              "Name": "eip-1"
            },
            "timeouts": null,
            "vpc": true
          },
          "sensitive_attributes": [],
          "private": "eyJlMmJmYjczMC1lY2FhLTExZTYtOGY4OC0zNDM2M2JjN2M0YzAiOnsiZGVsZXRlIjoxODAwMDAwMDAwMDAsInJlYWQiOjkwMDAwMDAwMDAwMCwidXBkYXRlIjozMDAwMDAwMDAwMDB9fQ=="
        }
      ]
    },
    {
      "module": "module.instances",
      "mode": "managed",
      "type": "aws_instance",
      "name": "apache_server",
      "provider": "provider[\"registry.terraform.io/hashicorp/aws\"]",
      "instances": [
        {
          "index_key": 0,
          "schema_version": 1,
          "attributes": {
            "ami": "ami-02396cdd13e9a1257",
            "arn": "arn:aws:ec2:us-east-1:326779754677:instance/i-078690e4fb82063d8",
            "associate_public_ip_address": false,
            "availability_zone": "us-east-1a",
            "capacity_reservation_specification": [
              {
                "capacity_reservation_preference": "open",
                "capacity_reservation_target": []
              }
            ],
            "cpu_core_count": 1,
            "cpu_threads_per_core": 1,
            "credit_specification": [
              {
                "cpu_credits": "standard"
              }
            ],
            "disable_api_termination": false,
            "ebs_block_device": [],
            "ebs_optimized": false,
            "enclave_options": [
              {
                "enabled": false
              }
            ],
            "ephemeral_block_device": [],
            "get_password_data": false,
            "hibernation": false,
            "host_id": null,
            "iam_instance_profile": "",
            "id": "i-078690e4fb82063d8",
            "instance_initiated_shutdown_behavior": "stop",
            "instance_state": "running",
            "instance_type": "t2.micro",
            "ipv6_address_count": 0,
            "ipv6_addresses": [],
            "key_name": "test",
            "launch_template": [],
            "metadata_options": [
              {
                "http_endpoint": "enabled",
                "http_put_response_hop_limit": 2,
                "http_tokens": "required",
                "instance_metadata_tags": "disabled"
              }
            ],
            "monitoring": false,
            "network_interface": [],
            "outpost_arn": "",
            "password_data": "",
            "placement_group": "",
            "placement_partition_number": null,
            "primary_network_interface_id": "eni-0dd32b7d994756f57",
            "private_dns": "ip-10-0-2-223.ec2.internal",
            "private_ip": "10.0.2.223",
            "public_dns": "",
            "public_ip": "",
            "root_block_device": [
              {
                "delete_on_termination": true,
                "device_name": "/dev/xvda",
                "encrypted": true,
                "iops": 3000,
                "kms_key_id": "arn:aws:kms:us-east-1:326779754677:key/f3951942-05a4-4d5d-823b-4bd8d666f17b",
                "tags": {},
                "throughput": 125,
                "volume_id": "vol-05f533df9d63e439b",
                "volume_size": 8,
                "volume_type": "gp3"
              }
            ],
            "secondary_private_ips": [],
            "security_groups": [],
            "source_dest_check": true,
            "subnet_id": "subnet-0ce06c74cd847af31",
            "tags": {
              "Name": "apache-server-0"
            },
            "tags_all": {
              "Name": "apache-server-0"
            },
            "tenancy": "default",
            "timeouts": null,
            "user_data": "e64618127e4bc50945638578347c3ab247b24533",
            "user_data_base64": null,
            "volume_tags": null,
            "vpc_security_group_ids": [
              "sg-0667999a96b71c61e"
            ]
          },
          "sensitive_attributes": [],
          "private": "eyJlMmJmYjczMC1lY2FhLTExZTYtOGY4OC0zNDM2M2JjN2M0YzAiOnsiY3JlYXRlIjo2MDAwMDAwMDAwMDAsImRlbGV0ZSI6MTIwMDAwMDAwMDAwMCwidXBkYXRlIjo2MDAwMDAwMDAwMDB9LCJzY2hlbWFfdmVyc2lvbiI6IjEifQ==",
          "dependencies": [
            "module.security_group.aws_security_group.private_instance_sg",
            "module.subnet.aws_subnet.private_subnets",
            "module.vpc.aws_vpc.main"
          ]
        },
        {
          "index_key": 1,
          "schema_version": 1,
          "attributes": {
            "ami": "ami-02396cdd13e9a1257",
            "arn": "arn:aws:ec2:us-east-1:326779754677:instance/i-0bd686d4da30599bb",
            "associate_public_ip_address": false,
            "availability_zone": "us-east-1b",
            "capacity_reservation_specification": [
              {
                "capacity_reservation_preference": "open",
                "capacity_reservation_target": []
              }
            ],
            "cpu_core_count": 1,
            "cpu_threads_per_core": 1,
            "credit_specification": [
              {
                "cpu_credits": "standard"
              }
            ],
            "disable_api_termination": false,
            "ebs_block_device": [],
            "ebs_optimized": false,
            "enclave_options": [
              {
                "enabled": false
              }
            ],
            "ephemeral_block_device": [],
            "get_password_data": false,
            "hibernation": false,
            "host_id": null,
            "iam_instance_profile": "",
            "id": "i-0bd686d4da30599bb",
            "instance_initiated_shutdown_behavior": "stop",
            "instance_state": "running",
            "instance_type": "t2.micro",
            "ipv6_address_count": 0,
            "ipv6_addresses": [],
            "key_name": "test",
            "launch_template": [],
            "metadata_options": [
              {
                "http_endpoint": "enabled",
                "http_put_response_hop_limit": 2,
                "http_tokens": "required",
                "instance_metadata_tags": "disabled"
              }
            ],
            "monitoring": false,
            "network_interface": [],
            "outpost_arn": "",
            "password_data": "",
            "placement_group": "",
            "placement_partition_number": null,
            "primary_network_interface_id": "eni-0b425dced14fe1c8c",
            "private_dns": "ip-10-0-3-58.ec2.internal",
            "private_ip": "10.0.3.58",
            "public_dns": "",
            "public_ip": "",
            "root_block_device": [
              {
                "delete_on_termination": true,
                "device_name": "/dev/xvda",
                "encrypted": true,
                "iops": 3000,
                "kms_key_id": "arn:aws:kms:us-east-1:326779754677:key/f3951942-05a4-4d5d-823b-4bd8d666f17b",
                "tags": {},
                "throughput": 125,
                "volume_id": "vol-058130e5cd6e07ae4",
                "volume_size": 8,
                "volume_type": "gp3"
              }
            ],
            "secondary_private_ips": [],
            "security_groups": [],
            "source_dest_check": true,
            "subnet_id": "subnet-0e6715048c2f15bcc",
            "tags": {
              "Name": "apache-server-1"
            },
            "tags_all": {
              "Name": "apache-server-1"
            },
            "tenancy": "default",
            "timeouts": null,
            "user_data": "e64618127e4bc50945638578347c3ab247b24533",
            "user_data_base64": null,
            "volume_tags": null,
            "vpc_security_group_ids": [
              "sg-0667999a96b71c61e"
            ]
          },
          "sensitive_attributes": [],
          "private": "eyJlMmJmYjczMC1lY2FhLTExZTYtOGY4OC0zNDM2M2JjN2M0YzAiOnsiY3JlYXRlIjo2MDAwMDAwMDAwMDAsImRlbGV0ZSI6MTIwMDAwMDAwMDAwMCwidXBkYXRlIjo2MDAwMDAwMDAwMDB9LCJzY2hlbWFfdmVyc2lvbiI6IjEifQ==",
          "dependencies": [
            "module.security_group.aws_security_group.private_instance_sg",
            "module.subnet.aws_subnet.private_subnets",
            "module.vpc.aws_vpc.main"
          ]
        }
      ]
    },
    {
      "module": "module.instances",
      "mode": "managed",
      "type": "aws_instance",
      "name": "server_ubuntu",
      "provider": "provider[\"registry.terraform.io/hashicorp/aws\"]",
      "instances": [
        {
          "index_key": 0,
          "schema_version": 1,
          "attributes": {
            "ami": "ami-007855ac798b5175e",
            "arn": "arn:aws:ec2:us-east-1:326779754677:instance/i-088c12fb281adc047",
            "associate_public_ip_address": true,
            "availability_zone": "us-east-1a",
            "capacity_reservation_specification": [
              {
                "capacity_reservation_preference": "open",
                "capacity_reservation_target": []
              }
            ],
            "cpu_core_count": 1,
            "cpu_threads_per_core": 1,
            "credit_specification": [
              {
                "cpu_credits": "standard"
              }
            ],
            "disable_api_termination": false,
            "ebs_block_device": [],
            "ebs_optimized": false,
            "enclave_options": [
              {
                "enabled": false
              }
            ],
            "ephemeral_block_device": [],
            "get_password_data": false,
            "hibernation": false,
            "host_id": null,
            "iam_instance_profile": "",
            "id": "i-088c12fb281adc047",
            "instance_initiated_shutdown_behavior": "stop",
            "instance_state": "running",
            "instance_type": "t2.micro",
            "ipv6_address_count": 0,
            "ipv6_addresses": [],
            "key_name": "test",
            "launch_template": [],
            "metadata_options": [
              {
                "http_endpoint": "enabled",
                "http_put_response_hop_limit": 1,
                "http_tokens": "optional",
                "instance_metadata_tags": "disabled"
              }
            ],
            "monitoring": false,
            "network_interface": [],
            "outpost_arn": "",
            "password_data": "",
            "placement_group": "",
            "placement_partition_number": null,
            "primary_network_interface_id": "eni-0640ebc07faa05d15",
            "private_dns": "ip-10-0-0-238.ec2.internal",
            "private_ip": "10.0.0.238",
            "public_dns": "",
            "public_ip": "34.238.163.36",
            "root_block_device": [
              {
                "delete_on_termination": true,
                "device_name": "/dev/sda1",
                "encrypted": true,
                "iops": 100,
                "kms_key_id": "arn:aws:kms:us-east-1:326779754677:key/f3951942-05a4-4d5d-823b-4bd8d666f17b",
                "tags": {},
                "throughput": 0,
                "volume_id": "vol-0adaab07d123a97dd",
                "volume_size": 8,
                "volume_type": "gp2"
              }
            ],
            "secondary_private_ips": [],
            "security_groups": [],
            "source_dest_check": true,
            "subnet_id": "subnet-051da7d21ea5966d0",
            "tags": {
              "Name": "nginx-server-0"
            },
            "tags_all": {
              "Name": "nginx-server-0"
            },
            "tenancy": "default",
            "timeouts": null,
            "user_data": "690e3e4e3d89c867bea8fea45bda1d0d43698b62",
            "user_data_base64": null,
            "volume_tags": null,
            "vpc_security_group_ids": [
              "sg-08f66b946f2c2046c"
            ]
          },
          "sensitive_attributes": [],
          "private": "eyJlMmJmYjczMC1lY2FhLTExZTYtOGY4OC0zNDM2M2JjN2M0YzAiOnsiY3JlYXRlIjo2MDAwMDAwMDAwMDAsImRlbGV0ZSI6MTIwMDAwMDAwMDAwMCwidXBkYXRlIjo2MDAwMDAwMDAwMDB9LCJzY2hlbWFfdmVyc2lvbiI6IjEifQ==",
          "dependencies": [
            "module.security_group.aws_security_group.public_instance_sg",
            "module.subnet.aws_subnet.public"
          ]
        },
        {
          "index_key": 1,
          "schema_version": 1,
          "attributes": {
            "ami": "ami-007855ac798b5175e",
            "arn": "arn:aws:ec2:us-east-1:326779754677:instance/i-0edbadd39c8a88767",
            "associate_public_ip_address": true,
            "availability_zone": "us-east-1b",
            "capacity_reservation_specification": [
              {
                "capacity_reservation_preference": "open",
                "capacity_reservation_target": []
              }
            ],
            "cpu_core_count": 1,
            "cpu_threads_per_core": 1,
            "credit_specification": [
              {
                "cpu_credits": "standard"
              }
            ],
            "disable_api_termination": false,
            "ebs_block_device": [],
            "ebs_optimized": false,
            "enclave_options": [
              {
                "enabled": false
              }
            ],
            "ephemeral_block_device": [],
            "get_password_data": false,
            "hibernation": false,
            "host_id": null,
            "iam_instance_profile": "",
            "id": "i-0edbadd39c8a88767",
            "instance_initiated_shutdown_behavior": "stop",
            "instance_state": "running",
            "instance_type": "t2.micro",
            "ipv6_address_count": 0,
            "ipv6_addresses": [],
            "key_name": "test",
            "launch_template": [],
            "metadata_options": [
              {
                "http_endpoint": "enabled",
                "http_put_response_hop_limit": 1,
                "http_tokens": "optional",
                "instance_metadata_tags": "disabled"
              }
            ],
            "monitoring": false,
            "network_interface": [],
            "outpost_arn": "",
            "password_data": "",
            "placement_group": "",
            "placement_partition_number": null,
            "primary_network_interface_id": "eni-0cf779c441b34ddba",
            "private_dns": "ip-10-0-1-70.ec2.internal",
            "private_ip": "10.0.1.70",
            "public_dns": "",
            "public_ip": "34.200.245.65",
            "root_block_device": [
              {
                "delete_on_termination": true,
                "device_name": "/dev/sda1",
                "encrypted": true,
                "iops": 100,
                "kms_key_id": "arn:aws:kms:us-east-1:326779754677:key/f3951942-05a4-4d5d-823b-4bd8d666f17b",
                "tags": {},
                "throughput": 0,
                "volume_id": "vol-0df358e146279991e",
                "volume_size": 8,
                "volume_type": "gp2"
              }
            ],
            "secondary_private_ips": [],
            "security_groups": [],
            "source_dest_check": true,
            "subnet_id": "subnet-0fd8c61d9cb7df065",
            "tags": {
              "Name": "nginx-server-1"
            },
            "tags_all": {
              "Name": "nginx-server-1"
            },
            "tenancy": "default",
            "timeouts": null,
            "user_data": "690e3e4e3d89c867bea8fea45bda1d0d43698b62",
            "user_data_base64": null,
            "volume_tags": null,
            "vpc_security_group_ids": [
              "sg-08f66b946f2c2046c"
            ]
          },
          "sensitive_attributes": [],
          "private": "eyJlMmJmYjczMC1lY2FhLTExZTYtOGY4OC0zNDM2M2JjN2M0YzAiOnsiY3JlYXRlIjo2MDAwMDAwMDAwMDAsImRlbGV0ZSI6MTIwMDAwMDAwMDAwMCwidXBkYXRlIjo2MDAwMDAwMDAwMDB9LCJzY2hlbWFfdmVyc2lvbiI6IjEifQ==",
          "dependencies": [
            "module.security_group.aws_security_group.public_instance_sg",
            "module.subnet.aws_subnet.public"
          ]
        }
      ]
    },
    {
      "module": "module.instances",
      "mode": "managed",
      "type": "aws_key_pair",
      "name": "generated_key",
      "provider": "provider[\"registry.terraform.io/hashicorp/aws\"]",
      "instances": [
        {
          "schema_version": 1,
          "attributes": {
            "arn": "arn:aws:ec2:us-east-1:326779754677:key-pair/test",
            "fingerprint": "a3:02:03:b8:3e:5e:a2:d9:7b:62:fc:c2:01:66:13:04",
            "id": "test",
            "key_name": "test",
            "key_name_prefix": "",
            "key_pair_id": "key-04fc32714991a1d0b",
            "public_key": "ssh-rsa AAAAB3NzaC1yc2EAAAADAQABAAACAQDBhxVyzg+9g3QykI6XrZGhBapA98GTOAxLyIw6osROlmDPBA+nuu4lOwRlbJdIrVUYIFlS2R8+A44KMS7klc27rdMuMNMvWT1hTS6ogMd3o423IxLOTfqo5Cx0jVOFJDEYa2cmjaXm2J96Sfm9PupevPIdj5CEhYtWHaeXgbrsfKl95Gy3muWf84Z3SRyMdBS317LW5gs/L791gekL0yzBNo4wud+I0ejzD3uJZAH4DATlTcqZBxthpaEcqCz5Sj+snzILXmo2f2PYqPHxqDFH5I8Yp0upQ1CZbgIv4F3hHjB6uXKRuhSPbC52zwW3xLlJa1OFbrASijxTKu77SOVNDafT70/Jvujf8njZdhlKyWDC0J5HQ3SDkh1kDlQnnDqevjTXt2nJkvvltbtEM/0xnxQahLUNaB1eNwXwUuCxEPXsqiihurSWdP90Y3u96CUO91Iu6E9HFpdzuNgO7B17JKnydDWPTkAPNuL1z84K1ARs3XJABzeQBGogYqdzkw+WHs0zcqKbISaQ35kEQptYXjVm25p4+dLap0ba2w6aiE/I5lfuUeflvb/pB+h9AjR2zyZyDkD9wDNI9l2/lHWlFUDyQoMw3WExs02x710Po7jg+/4vE5CLR+aZ3oxG2SwWFGZNStaFKSlGuV/a6/JTnwM/TYRp+qzF8FJtnu/oJQ==",
            "tags": {},
            "tags_all": {}
          },
          "sensitive_attributes": [],
          "private": "eyJzY2hlbWFfdmVyc2lvbiI6IjEifQ==",
          "dependencies": [
            "module.instances.tls_private_key.demo_key"
          ]
        }
      ]
    },
    {
      "module": "module.instances",
      "mode": "managed",
      "type": "local_file",
      "name": "local_key_pair",
      "provider": "provider[\"registry.terraform.io/hashicorp/local\"]",
      "instances": [
        {
          "schema_version": 0,
          "attributes": {
            "content": "-----BEGIN RSA PRIVATE KEY-----\nMIIJKAIBAAKCAgEAwYcVcs4PvYN0MpCOl62RoQWqQPfBkzgMS8iMOqLETpZgzwQP\np7ruJTsEZWyXSK1VGCBZUtkfPgOOCjEu5JXNu63TLjDTL1k9YU0uqIDHd6ONtyMS\nzk36qOQsdI1ThSQxGGtnJo2l5tifekn5vT7qXrzyHY+QhIWLVh2nl4G67HypfeRs\nt5rln/OGd0kcjHQUt9ey1uYLPy+/dYHpC9MswTaOMLnfiNHo8w97iWQB+AwE5U3K\nmQcbYaWhHKgs+Uo/rJ8yC15qNn9j2Kjx8agxR+SPGKdLqUNQmW4CL+Bd4R4werly\nkboUj2wuds8Ft8S5SWtThW6wEoo8Uyru+0jlTQ2n0+9Pyb7o3/J42XYZSslgwtCe\nR0N0g5IdZA5UJ5w6nr4017dpyZL75bW7RDP9MZ8UGoS1DWgdXjcF8FLgsRD17Koo\nobq0lnT/dGN7veglDvdSLuhPRxaXc7jYDuwdeySp8nQ1j05ADzbi9c/OCtQEbN1y\nQAc3kARqIGKnc5MPlh7NM3KimyEmkN+ZBEKbWF41ZtuaePnS2qdG2tsOmohPyOZX\n7lHn5b2/6QfofQI0ds8mcg5A/cAzSPZdv5R1pRVA8kKDMN1hMbNNse9dD6O44Pv+\nLxOQi0fmmd6MRtksFhRmTUrWhSkpRrlf2uvyU58DP02EafqsxfBSbZ7v6CUCAwEA\nAQKCAgAYd9nQYBlBXsNsOTauGrXU5AB4olqJIIb9dee06itjvEOVKPBJxqqhbmrJ\n4Abom3Gs0To57VWz44Mr6rgBEqemWP3gUzAARooqKTYC+/U8PSOHyhlwmA9fFyo/\nujabGM5URhAOoc4d97mCHqRCtxeuzrjV3/bnqnLJeopb730QtVpAnobYV+88X+/a\nWRYQ9ARCkjT8Uq2NWZ4dX0V1x0dbTmh/5KBMji2jvYti/Y/6Kprb2xAIdQuTNvu9\nwc2d3zNZwe7z3QYUydp35DRi118TteQZu90nE2m3XF9OalG0SrraaWQA5MQAti7R\nuq8AYxECJV2z+yCr12p1IXKBtt+2u//XmR38krWXWVVAJ1gaINzOUm0BRbwJMSoe\nRDFF9PegACeI1n9qWjvwZVBKkPe+B1p5MZAeluz2dTUkAHjhzC2gy0/pKVSZzelt\n7HSTyRmoHpur0KJQFHLSzqD9Agfr/nRXDEdrnW2f8EgzO4a2yf3VvBKtRoVZx/5X\n0EFcKoI9o8eIPnN3429u+l0ImdLE3S0YmrH2hCwRhtn3D6yDJqAcQpX2NC3C83jl\ntUlEQvMUfAO+47Imff+g6aMCZNO21pptYfAaxUxj8hB3RHqXvOOFjzmVd5BmudaS\niU7qd4vBZBPX8+5kK1Q1QfFUuGnShsz1zl9TvjOuhQyYywQgKQKCAQEA4LldNYX6\nKN2Fp86lOpxahgdnt3AWNHmD9F2OUTdpFWKF4p9lb7e0a4Ih0o2vMwGa6y4CXvaa\nBCzRwj+gRF69VKKWqWBNfk4v1d9tEOnikBbBn7KWVOuuH9G/xGm/Bcvk8Xb76p4f\n3QM3js6vYBJlTqX1IGRdF7TBRpUuLIEe9wdgN+r6ZDgNkKezgEStsmfYD4LLyiem\n8CUyatOlb/SgRf5pI4JApbHzRfxp5W7cr/97j5MqjUD2185ZgLuubxWElX92VONG\nKO0Yz5YeYrNW2gQGoxeN1rPVPhx3KfIVPBJ2954v/PrhX+c0racpkimuTTQWTPch\n+hBYLgfgoU48kwKCAQEA3HY7IS1tcMeBIS9Bf8JYmSXY7bNMeIpy0byjra3DVsie\nlIncX8lKLoLEZ6L9FS3LQMRHG4IDs6nwzKdhPxwcu2qZ4d2CO1td9HtsK0FV8n0e\nEGKIj/yR5XFhmrd73QV1n+ELKBInzOWsxsj3ia/VsjXBhQ8Uo+vXyISP4jOKbvlQ\neKyWbEkdE7LhRYAePse3bTlBStW122D732iVVECCeRZl6y1lro9S4qqulZ+Uc1jm\nRHMevTbUa4LQZr5tlyEcSZZ6X0Ysp4DZelnMXjNS2Uz37A06Uf+tAmV3bLHODdya\n2qCROx/qbAD8ibHv5B3zN/8XWb43VVggnwkuRvLzZwKCAQB0YeuQ7asKAPfYWWAf\nA5yqLymayfTmBky9gLpU+4Jzrcuy+2QYQKayyvljRzeGDf3CcNiPf91x7hhQJo2E\n+x/Itk+atqJLmIiTlhuxF7/bab2rTF0o68oI9qL/QNjKUrdmCn4bGvtbhe//CLGw\n6rYGzlIuDWxc+6LhQB9isxhrTSmarBozTwhPc1q2QltGuxsdpVqPfoupcUo0IxpZ\n6fIbbc/bsPh0F73q7/eT+B9ZEtJWIBx4fT2ZtGeMESccpqM8nX+WJQJP7cLct11T\nNpfzXwRk8KznlckJWsqoMZSnwNRWF1m5BeE0vtP8X0dbSDTaDPDDuXWiQVa5uCCw\nyYj7AoIBAD6W2maq7P0txr1TGzdYR6sDEbk6RCWcuMhO0/FE+cYzosHs+cG/9e2K\ndpQts8hFfgTfNIjcuoxRXOndQ0CVjJqwwwtaxdRwNhZoy+bj37C+UMC6GKc4P3ty\nWxF/sgyntiMz0uUHcoE7W3f8KjrOzs6PcGeERonbNSHacLb5hv3GjlAUP4hyoWys\nRkRjATM1pB/AN4c1cTHdMOTWXj7TKbeS4lCITOvoCNINPw9/hLfSr10TidCSNnBn\nbR8eRSK45b0Gmate0uKjNBsGT30W+Rh0P5amkr4g5k9d2y/isutAjD4xg8nTX8xV\n41x8Rezvi9OD+m8iD7eNE4XTJ25BH1UCggEBAN05MSZnNxFiJ+8UU6m+jrSgWlRz\nAV4HW+k5LNf3/lO8c7yexBiHoqNmY2oEEVOtnAvxxPn7UdImWayJijGRpb+9xjSJ\n9qq+aK52cv8/pIeHW7ZbZbWtDyULXtyS9rHgEpgGEq0S6SWRrUer3QHBTUf7xTaW\n/D5ZYMNSlQ9BooQLDbs/1OKgbxdEEyOXtkdAOcsFOymq/h1RvpZPN7Mk+CR2RCXX\nhJybgvKsg/cCoc5/yHy6okyepWxVaS3wTVblP/cPWwhSaB7tIbkwSFX44czKa3LL\npD6Vscw7o6PsBY0ZCShoewT6NYSsbcqJMYRwLtg2ZkUzji11GfWT5SxLnBU=\n-----END RSA PRIVATE KEY-----\n",
            "content_base64": null,
            "content_base64sha256": "rnPLvQq/KZhWu5tg0YJbXWqJsrENPxv3IHKxnmRlGvE=",
            "content_base64sha512": "XOPIK+IKjS2FwZgJWQacOgLO6Q0/r9baHAIbE71Q90jMCeBg7FG898qiSJF9IpaqmaodNz2bIeIQ4H9Uob1aGA==",
            "content_md5": "ebec0abeca8ccffcb89862328ea47d6b",
            "content_sha1": "ec61645c746f2f49efbe266652d99b7c05b8745e",
            "content_sha256": "ae73cbbd0abf299856bb9b60d1825b5d6a89b2b10d3f1bf72072b19e64651af1",
            "content_sha512": "5ce3c82be20a8d2d85c1980959069c3a02cee90d3fafd6da1c021b13bd50f748cc09e060ec51bcf7caa248917d2296aa99aa1d373d9b21e210e07f54a1bd5a18",
            "directory_permission": "0777",
            "file_permission": "0400",
            "filename": "test.pem",
            "id": "ec61645c746f2f49efbe266652d99b7c05b8745e",
            "sensitive_content": null,
            "source": null
          },
          "sensitive_attributes": [
            [
              {
                "type": "get_attr",
                "value": "content"
              }
            ]
          ],
          "dependencies": [
            "module.instances.tls_private_key.demo_key"
          ]
        }
      ]
    },
    {
      "module": "module.instances",
      "mode": "managed",
      "type": "tls_private_key",
      "name": "demo_key",
      "provider": "provider[\"registry.terraform.io/hashicorp/tls\"]",
      "instances": [
        {
          "schema_version": 1,
          "attributes": {
            "algorithm": "RSA",
            "ecdsa_curve": "P224",
            "id": "89a1dda0cb87529434f749dfff241eceb8253323",
            "private_key_openssh": "-----BEGIN OPENSSH PRIVATE KEY-----\nb3BlbnNzaC1rZXktdjEAAAAABG5vbmUAAAAEbm9uZQAAAAAAAAABAAACFwAAAAdz\nc2gtcnNhAAAAAwEAAQAAAgEAwYcVcs4PvYN0MpCOl62RoQWqQPfBkzgMS8iMOqLE\nTpZgzwQPp7ruJTsEZWyXSK1VGCBZUtkfPgOOCjEu5JXNu63TLjDTL1k9YU0uqIDH\nd6ONtyMSzk36qOQsdI1ThSQxGGtnJo2l5tifekn5vT7qXrzyHY+QhIWLVh2nl4G6\n7HypfeRst5rln/OGd0kcjHQUt9ey1uYLPy+/dYHpC9MswTaOMLnfiNHo8w97iWQB\n+AwE5U3KmQcbYaWhHKgs+Uo/rJ8yC15qNn9j2Kjx8agxR+SPGKdLqUNQmW4CL+Bd\n4R4werlykboUj2wuds8Ft8S5SWtThW6wEoo8Uyru+0jlTQ2n0+9Pyb7o3/J42XYZ\nSslgwtCeR0N0g5IdZA5UJ5w6nr4017dpyZL75bW7RDP9MZ8UGoS1DWgdXjcF8FLg\nsRD17Kooobq0lnT/dGN7veglDvdSLuhPRxaXc7jYDuwdeySp8nQ1j05ADzbi9c/O\nCtQEbN1yQAc3kARqIGKnc5MPlh7NM3KimyEmkN+ZBEKbWF41ZtuaePnS2qdG2tsO\nmohPyOZX7lHn5b2/6QfofQI0ds8mcg5A/cAzSPZdv5R1pRVA8kKDMN1hMbNNse9d\nD6O44Pv+LxOQi0fmmd6MRtksFhRmTUrWhSkpRrlf2uvyU58DP02EafqsxfBSbZ7v\n6CUAAAc4upwnabqcJ2kAAAAHc3NoLXJzYQAAAgEAwYcVcs4PvYN0MpCOl62RoQWq\nQPfBkzgMS8iMOqLETpZgzwQPp7ruJTsEZWyXSK1VGCBZUtkfPgOOCjEu5JXNu63T\nLjDTL1k9YU0uqIDHd6ONtyMSzk36qOQsdI1ThSQxGGtnJo2l5tifekn5vT7qXrzy\nHY+QhIWLVh2nl4G67HypfeRst5rln/OGd0kcjHQUt9ey1uYLPy+/dYHpC9MswTaO\nMLnfiNHo8w97iWQB+AwE5U3KmQcbYaWhHKgs+Uo/rJ8yC15qNn9j2Kjx8agxR+SP\nGKdLqUNQmW4CL+Bd4R4werlykboUj2wuds8Ft8S5SWtThW6wEoo8Uyru+0jlTQ2n\n0+9Pyb7o3/J42XYZSslgwtCeR0N0g5IdZA5UJ5w6nr4017dpyZL75bW7RDP9MZ8U\nGoS1DWgdXjcF8FLgsRD17Kooobq0lnT/dGN7veglDvdSLuhPRxaXc7jYDuwdeySp\n8nQ1j05ADzbi9c/OCtQEbN1yQAc3kARqIGKnc5MPlh7NM3KimyEmkN+ZBEKbWF41\nZtuaePnS2qdG2tsOmohPyOZX7lHn5b2/6QfofQI0ds8mcg5A/cAzSPZdv5R1pRVA\n8kKDMN1hMbNNse9dD6O44Pv+LxOQi0fmmd6MRtksFhRmTUrWhSkpRrlf2uvyU58D\nP02EafqsxfBSbZ7v6CUAAAADAQABAAACABh32dBgGUFew2w5Nq4atdTkAHiiWokg\nhv1157TqK2O8Q5Uo8EnGqqFuasngBuibcazROjntVbPjgyvquAESp6ZY/eBTMABG\niiopNgL79Tw9I4fKGXCYD18XKj+6NpsYzlRGEA6hzh33uYIepEK3F67OuNXf9ueq\ncsl6ilvvfRC1WkCehthX7zxf79pZFhD0BEKSNPxSrY1Znh1fRXXHR1tOaH/koEyO\nLaO9i2L9j/oqmtvbEAh1C5M2+73BzZ3fM1nB7vPdBhTJ2nfkNGLXXxO15Bm73ScT\nabdcX05qUbRKutppZADkxAC2LtG6rwBjEQIlXbP7IKvXanUhcoG237a7/9eZHfyS\ntZdZVUAnWBog3M5SbQFFvAkxKh5EMUX096AAJ4jWf2paO/BlUEqQ974HWnkxkB6W\n7PZ1NSQAeOHMLaDLT+kpVJnN6W3sdJPJGagem6vQolAUctLOoP0CB+v+dFcMR2ud\nbZ/wSDM7hrbJ/dW8Eq1GhVnH/lfQQVwqgj2jx4g+c3fjb276XQiZ0sTdLRiasfaE\nLBGG2fcPrIMmoBxClfY0LcLzeOW1SURC8xR8A77jsiZ9/6DpowJk07bWmm1h8BrF\nTGPyEHdEepe844WPOZV3kGa51pKJTup3i8FkE9fz7mQrVDVB8VS4adKGzPXOX1O+\nM66FDJjLBCApAAABAQDdOTEmZzcRYifvFFOpvo60oFpUcwFeB1vpOSzX9/5TvHO8\nnsQYh6KjZmNqBBFTrZwL8cT5+1HSJlmsiYoxkaW/vcY0ifaqvmiudnL/P6SHh1u2\nW2W1rQ8lC17ckvax4BKYBhKtEuklka1Hq90BwU1H+8U2lvw+WWDDUpUPQaKECw27\nP9TioG8XRBMjl7ZHQDnLBTspqv4dUb6WTzezJPgkdkQl14Scm4LyrIP3AqHOf8h8\nuqJMnqVsVWkt8E1W5T/3D1sIUmge7SG5MEhV+OHMymtyy6Q+lbHMO6Oj7AWNGQko\naHsE+jWErG3KiTGEcC7YNmZFM44tdRn1k+UsS5wVAAABAQDguV01hfoo3YWnzqU6\nnFqGB2e3cBY0eYP0XY5RN2kVYoXin2Vvt7RrgiHSja8zAZrrLgJe9poELNHCP6BE\nXr1UopapYE1+Ti/V320Q6eKQFsGfspZU664f0b/Eab8Fy+Txdvvqnh/dAzeOzq9g\nEmVOpfUgZF0XtMFGlS4sgR73B2A36vpkOA2Qp7OARK2yZ9gPgsvKJ6bwJTJq06Vv\n9KBF/mkjgkClsfNF/Gnlbtyv/3uPkyqNQPbXzlmAu65vFYSVf3ZU40Yo7RjPlh5i\ns1baBAajF43Ws9U+HHcp8hU8Enb3ni/8+uFf5zStpymSKa5NNBZM9yH6EFguB+Ch\nTjyTAAABAQDcdjshLW1wx4EhL0F/wliZJdjts0x4inLRvKOtrcNWyJ6UidxfyUou\ngsRnov0VLctAxEcbggOzqfDMp2E/HBy7apnh3YI7W130e2wrQVXyfR4QYoiP/JHl\ncWGat3vdBXWf4QsoEifM5azGyPeJr9WyNcGFDxSj69fIhI/iM4pu+VB4rJZsSR0T\nsuFFgB4+x7dtOUFK1bXbYPvfaJVUQIJ5FmXrLWWuj1Liqq6Vn5RzWOZEcx69NtRr\ngtBmvm2XIRxJlnpfRiyngNl6WcxeM1LZTPfsDTpR/60CZXdssc4N3JraoJE7H+ps\nAPyJse/kHfM3/xdZvjdVWCCfCS5G8vNnAAAAAAEC\n-----END OPENSSH PRIVATE KEY-----\n",
            "private_key_pem": "-----BEGIN RSA PRIVATE KEY-----\nMIIJKAIBAAKCAgEAwYcVcs4PvYN0MpCOl62RoQWqQPfBkzgMS8iMOqLETpZgzwQP\np7ruJTsEZWyXSK1VGCBZUtkfPgOOCjEu5JXNu63TLjDTL1k9YU0uqIDHd6ONtyMS\nzk36qOQsdI1ThSQxGGtnJo2l5tifekn5vT7qXrzyHY+QhIWLVh2nl4G67HypfeRs\nt5rln/OGd0kcjHQUt9ey1uYLPy+/dYHpC9MswTaOMLnfiNHo8w97iWQB+AwE5U3K\nmQcbYaWhHKgs+Uo/rJ8yC15qNn9j2Kjx8agxR+SPGKdLqUNQmW4CL+Bd4R4werly\nkboUj2wuds8Ft8S5SWtThW6wEoo8Uyru+0jlTQ2n0+9Pyb7o3/J42XYZSslgwtCe\nR0N0g5IdZA5UJ5w6nr4017dpyZL75bW7RDP9MZ8UGoS1DWgdXjcF8FLgsRD17Koo\nobq0lnT/dGN7veglDvdSLuhPRxaXc7jYDuwdeySp8nQ1j05ADzbi9c/OCtQEbN1y\nQAc3kARqIGKnc5MPlh7NM3KimyEmkN+ZBEKbWF41ZtuaePnS2qdG2tsOmohPyOZX\n7lHn5b2/6QfofQI0ds8mcg5A/cAzSPZdv5R1pRVA8kKDMN1hMbNNse9dD6O44Pv+\nLxOQi0fmmd6MRtksFhRmTUrWhSkpRrlf2uvyU58DP02EafqsxfBSbZ7v6CUCAwEA\nAQKCAgAYd9nQYBlBXsNsOTauGrXU5AB4olqJIIb9dee06itjvEOVKPBJxqqhbmrJ\n4Abom3Gs0To57VWz44Mr6rgBEqemWP3gUzAARooqKTYC+/U8PSOHyhlwmA9fFyo/\nujabGM5URhAOoc4d97mCHqRCtxeuzrjV3/bnqnLJeopb730QtVpAnobYV+88X+/a\nWRYQ9ARCkjT8Uq2NWZ4dX0V1x0dbTmh/5KBMji2jvYti/Y/6Kprb2xAIdQuTNvu9\nwc2d3zNZwe7z3QYUydp35DRi118TteQZu90nE2m3XF9OalG0SrraaWQA5MQAti7R\nuq8AYxECJV2z+yCr12p1IXKBtt+2u//XmR38krWXWVVAJ1gaINzOUm0BRbwJMSoe\nRDFF9PegACeI1n9qWjvwZVBKkPe+B1p5MZAeluz2dTUkAHjhzC2gy0/pKVSZzelt\n7HSTyRmoHpur0KJQFHLSzqD9Agfr/nRXDEdrnW2f8EgzO4a2yf3VvBKtRoVZx/5X\n0EFcKoI9o8eIPnN3429u+l0ImdLE3S0YmrH2hCwRhtn3D6yDJqAcQpX2NC3C83jl\ntUlEQvMUfAO+47Imff+g6aMCZNO21pptYfAaxUxj8hB3RHqXvOOFjzmVd5BmudaS\niU7qd4vBZBPX8+5kK1Q1QfFUuGnShsz1zl9TvjOuhQyYywQgKQKCAQEA4LldNYX6\nKN2Fp86lOpxahgdnt3AWNHmD9F2OUTdpFWKF4p9lb7e0a4Ih0o2vMwGa6y4CXvaa\nBCzRwj+gRF69VKKWqWBNfk4v1d9tEOnikBbBn7KWVOuuH9G/xGm/Bcvk8Xb76p4f\n3QM3js6vYBJlTqX1IGRdF7TBRpUuLIEe9wdgN+r6ZDgNkKezgEStsmfYD4LLyiem\n8CUyatOlb/SgRf5pI4JApbHzRfxp5W7cr/97j5MqjUD2185ZgLuubxWElX92VONG\nKO0Yz5YeYrNW2gQGoxeN1rPVPhx3KfIVPBJ2954v/PrhX+c0racpkimuTTQWTPch\n+hBYLgfgoU48kwKCAQEA3HY7IS1tcMeBIS9Bf8JYmSXY7bNMeIpy0byjra3DVsie\nlIncX8lKLoLEZ6L9FS3LQMRHG4IDs6nwzKdhPxwcu2qZ4d2CO1td9HtsK0FV8n0e\nEGKIj/yR5XFhmrd73QV1n+ELKBInzOWsxsj3ia/VsjXBhQ8Uo+vXyISP4jOKbvlQ\neKyWbEkdE7LhRYAePse3bTlBStW122D732iVVECCeRZl6y1lro9S4qqulZ+Uc1jm\nRHMevTbUa4LQZr5tlyEcSZZ6X0Ysp4DZelnMXjNS2Uz37A06Uf+tAmV3bLHODdya\n2qCROx/qbAD8ibHv5B3zN/8XWb43VVggnwkuRvLzZwKCAQB0YeuQ7asKAPfYWWAf\nA5yqLymayfTmBky9gLpU+4Jzrcuy+2QYQKayyvljRzeGDf3CcNiPf91x7hhQJo2E\n+x/Itk+atqJLmIiTlhuxF7/bab2rTF0o68oI9qL/QNjKUrdmCn4bGvtbhe//CLGw\n6rYGzlIuDWxc+6LhQB9isxhrTSmarBozTwhPc1q2QltGuxsdpVqPfoupcUo0IxpZ\n6fIbbc/bsPh0F73q7/eT+B9ZEtJWIBx4fT2ZtGeMESccpqM8nX+WJQJP7cLct11T\nNpfzXwRk8KznlckJWsqoMZSnwNRWF1m5BeE0vtP8X0dbSDTaDPDDuXWiQVa5uCCw\nyYj7AoIBAD6W2maq7P0txr1TGzdYR6sDEbk6RCWcuMhO0/FE+cYzosHs+cG/9e2K\ndpQts8hFfgTfNIjcuoxRXOndQ0CVjJqwwwtaxdRwNhZoy+bj37C+UMC6GKc4P3ty\nWxF/sgyntiMz0uUHcoE7W3f8KjrOzs6PcGeERonbNSHacLb5hv3GjlAUP4hyoWys\nRkRjATM1pB/AN4c1cTHdMOTWXj7TKbeS4lCITOvoCNINPw9/hLfSr10TidCSNnBn\nbR8eRSK45b0Gmate0uKjNBsGT30W+Rh0P5amkr4g5k9d2y/isutAjD4xg8nTX8xV\n41x8Rezvi9OD+m8iD7eNE4XTJ25BH1UCggEBAN05MSZnNxFiJ+8UU6m+jrSgWlRz\nAV4HW+k5LNf3/lO8c7yexBiHoqNmY2oEEVOtnAvxxPn7UdImWayJijGRpb+9xjSJ\n9qq+aK52cv8/pIeHW7ZbZbWtDyULXtyS9rHgEpgGEq0S6SWRrUer3QHBTUf7xTaW\n/D5ZYMNSlQ9BooQLDbs/1OKgbxdEEyOXtkdAOcsFOymq/h1RvpZPN7Mk+CR2RCXX\nhJybgvKsg/cCoc5/yHy6okyepWxVaS3wTVblP/cPWwhSaB7tIbkwSFX44czKa3LL\npD6Vscw7o6PsBY0ZCShoewT6NYSsbcqJMYRwLtg2ZkUzji11GfWT5SxLnBU=\n-----END RSA PRIVATE KEY-----\n",
            "private_key_pem_pkcs8": "-----BEGIN PRIVATE KEY-----\nMIIJQgIBADANBgkqhkiG9w0BAQEFAASCCSwwggkoAgEAAoICAQDBhxVyzg+9g3Qy\nkI6XrZGhBapA98GTOAxLyIw6osROlmDPBA+nuu4lOwRlbJdIrVUYIFlS2R8+A44K\nMS7klc27rdMuMNMvWT1hTS6ogMd3o423IxLOTfqo5Cx0jVOFJDEYa2cmjaXm2J96\nSfm9PupevPIdj5CEhYtWHaeXgbrsfKl95Gy3muWf84Z3SRyMdBS317LW5gs/L791\ngekL0yzBNo4wud+I0ejzD3uJZAH4DATlTcqZBxthpaEcqCz5Sj+snzILXmo2f2PY\nqPHxqDFH5I8Yp0upQ1CZbgIv4F3hHjB6uXKRuhSPbC52zwW3xLlJa1OFbrASijxT\nKu77SOVNDafT70/Jvujf8njZdhlKyWDC0J5HQ3SDkh1kDlQnnDqevjTXt2nJkvvl\ntbtEM/0xnxQahLUNaB1eNwXwUuCxEPXsqiihurSWdP90Y3u96CUO91Iu6E9HFpdz\nuNgO7B17JKnydDWPTkAPNuL1z84K1ARs3XJABzeQBGogYqdzkw+WHs0zcqKbISaQ\n35kEQptYXjVm25p4+dLap0ba2w6aiE/I5lfuUeflvb/pB+h9AjR2zyZyDkD9wDNI\n9l2/lHWlFUDyQoMw3WExs02x710Po7jg+/4vE5CLR+aZ3oxG2SwWFGZNStaFKSlG\nuV/a6/JTnwM/TYRp+qzF8FJtnu/oJQIDAQABAoICABh32dBgGUFew2w5Nq4atdTk\nAHiiWokghv1157TqK2O8Q5Uo8EnGqqFuasngBuibcazROjntVbPjgyvquAESp6ZY\n/eBTMABGiiopNgL79Tw9I4fKGXCYD18XKj+6NpsYzlRGEA6hzh33uYIepEK3F67O\nuNXf9ueqcsl6ilvvfRC1WkCehthX7zxf79pZFhD0BEKSNPxSrY1Znh1fRXXHR1tO\naH/koEyOLaO9i2L9j/oqmtvbEAh1C5M2+73BzZ3fM1nB7vPdBhTJ2nfkNGLXXxO1\n5Bm73ScTabdcX05qUbRKutppZADkxAC2LtG6rwBjEQIlXbP7IKvXanUhcoG237a7\n/9eZHfyStZdZVUAnWBog3M5SbQFFvAkxKh5EMUX096AAJ4jWf2paO/BlUEqQ974H\nWnkxkB6W7PZ1NSQAeOHMLaDLT+kpVJnN6W3sdJPJGagem6vQolAUctLOoP0CB+v+\ndFcMR2udbZ/wSDM7hrbJ/dW8Eq1GhVnH/lfQQVwqgj2jx4g+c3fjb276XQiZ0sTd\nLRiasfaELBGG2fcPrIMmoBxClfY0LcLzeOW1SURC8xR8A77jsiZ9/6DpowJk07bW\nmm1h8BrFTGPyEHdEepe844WPOZV3kGa51pKJTup3i8FkE9fz7mQrVDVB8VS4adKG\nzPXOX1O+M66FDJjLBCApAoIBAQDguV01hfoo3YWnzqU6nFqGB2e3cBY0eYP0XY5R\nN2kVYoXin2Vvt7RrgiHSja8zAZrrLgJe9poELNHCP6BEXr1UopapYE1+Ti/V320Q\n6eKQFsGfspZU664f0b/Eab8Fy+Txdvvqnh/dAzeOzq9gEmVOpfUgZF0XtMFGlS4s\ngR73B2A36vpkOA2Qp7OARK2yZ9gPgsvKJ6bwJTJq06Vv9KBF/mkjgkClsfNF/Gnl\nbtyv/3uPkyqNQPbXzlmAu65vFYSVf3ZU40Yo7RjPlh5is1baBAajF43Ws9U+HHcp\n8hU8Enb3ni/8+uFf5zStpymSKa5NNBZM9yH6EFguB+ChTjyTAoIBAQDcdjshLW1w\nx4EhL0F/wliZJdjts0x4inLRvKOtrcNWyJ6UidxfyUougsRnov0VLctAxEcbggOz\nqfDMp2E/HBy7apnh3YI7W130e2wrQVXyfR4QYoiP/JHlcWGat3vdBXWf4QsoEifM\n5azGyPeJr9WyNcGFDxSj69fIhI/iM4pu+VB4rJZsSR0TsuFFgB4+x7dtOUFK1bXb\nYPvfaJVUQIJ5FmXrLWWuj1Liqq6Vn5RzWOZEcx69NtRrgtBmvm2XIRxJlnpfRiyn\ngNl6WcxeM1LZTPfsDTpR/60CZXdssc4N3JraoJE7H+psAPyJse/kHfM3/xdZvjdV\nWCCfCS5G8vNnAoIBAHRh65DtqwoA99hZYB8DnKovKZrJ9OYGTL2AulT7gnOty7L7\nZBhAprLK+WNHN4YN/cJw2I9/3XHuGFAmjYT7H8i2T5q2okuYiJOWG7EXv9tpvatM\nXSjrygj2ov9A2MpSt2YKfhsa+1uF7/8IsbDqtgbOUi4NbFz7ouFAH2KzGGtNKZqs\nGjNPCE9zWrZCW0a7Gx2lWo9+i6lxSjQjGlnp8httz9uw+HQXverv95P4H1kS0lYg\nHHh9PZm0Z4wRJxymozydf5YlAk/twty3XVM2l/NfBGTwrOeVyQlayqgxlKfA1FYX\nWbkF4TS+0/xfR1tINNoM8MO5daJBVrm4ILDJiPsCggEAPpbaZqrs/S3GvVMbN1hH\nqwMRuTpEJZy4yE7T8UT5xjOiwez5wb/17Yp2lC2zyEV+BN80iNy6jFFc6d1DQJWM\nmrDDC1rF1HA2FmjL5uPfsL5QwLoYpzg/e3JbEX+yDKe2IzPS5QdygTtbd/wqOs7O\nzo9wZ4RGids1IdpwtvmG/caOUBQ/iHKhbKxGRGMBMzWkH8A3hzVxMd0w5NZePtMp\nt5LiUIhM6+gI0g0/D3+Et9KvXROJ0JI2cGdtHx5FIrjlvQaZq17S4qM0GwZPfRb5\nGHQ/lqaSviDmT13bL+Ky60CMPjGDydNfzFXjXHxF7O+L04P6byIPt40ThdMnbkEf\nVQKCAQEA3TkxJmc3EWIn7xRTqb6OtKBaVHMBXgdb6Tks1/f+U7xzvJ7EGIeio2Zj\nagQRU62cC/HE+ftR0iZZrImKMZGlv73GNIn2qr5ornZy/z+kh4dbtltlta0PJQte\n3JL2seASmAYSrRLpJZGtR6vdAcFNR/vFNpb8Pllgw1KVD0GihAsNuz/U4qBvF0QT\nI5e2R0A5ywU7Kar+HVG+lk83syT4JHZEJdeEnJuC8qyD9wKhzn/IfLqiTJ6lbFVp\nLfBNVuU/9w9bCFJoHu0huTBIVfjhzMprcsukPpWxzDujo+wFjRkJKGh7BPo1hKxt\nyokxhHAu2DZmRTOOLXUZ9ZPlLEucFQ==\n-----END PRIVATE KEY-----\n",
            "public_key_fingerprint_md5": "16:4c:1a:e6:59:e4:f1:19:84:34:46:67:d3:8b:93:24",
            "public_key_fingerprint_sha256": "SHA256:EiId2F2CgJsN6P+c1nR1Iod8dyNiqDw8vUIE5RfLVms",
            "public_key_openssh": "ssh-rsa AAAAB3NzaC1yc2EAAAADAQABAAACAQDBhxVyzg+9g3QykI6XrZGhBapA98GTOAxLyIw6osROlmDPBA+nuu4lOwRlbJdIrVUYIFlS2R8+A44KMS7klc27rdMuMNMvWT1hTS6ogMd3o423IxLOTfqo5Cx0jVOFJDEYa2cmjaXm2J96Sfm9PupevPIdj5CEhYtWHaeXgbrsfKl95Gy3muWf84Z3SRyMdBS317LW5gs/L791gekL0yzBNo4wud+I0ejzD3uJZAH4DATlTcqZBxthpaEcqCz5Sj+snzILXmo2f2PYqPHxqDFH5I8Yp0upQ1CZbgIv4F3hHjB6uXKRuhSPbC52zwW3xLlJa1OFbrASijxTKu77SOVNDafT70/Jvujf8njZdhlKyWDC0J5HQ3SDkh1kDlQnnDqevjTXt2nJkvvltbtEM/0xnxQahLUNaB1eNwXwUuCxEPXsqiihurSWdP90Y3u96CUO91Iu6E9HFpdzuNgO7B17JKnydDWPTkAPNuL1z84K1ARs3XJABzeQBGogYqdzkw+WHs0zcqKbISaQ35kEQptYXjVm25p4+dLap0ba2w6aiE/I5lfuUeflvb/pB+h9AjR2zyZyDkD9wDNI9l2/lHWlFUDyQoMw3WExs02x710Po7jg+/4vE5CLR+aZ3oxG2SwWFGZNStaFKSlGuV/a6/JTnwM/TYRp+qzF8FJtnu/oJQ==\n",
            "public_key_pem": "-----BEGIN PUBLIC KEY-----\nMIICIjANBgkqhkiG9w0BAQEFAAOCAg8AMIICCgKCAgEAwYcVcs4PvYN0MpCOl62R\noQWqQPfBkzgMS8iMOqLETpZgzwQPp7ruJTsEZWyXSK1VGCBZUtkfPgOOCjEu5JXN\nu63TLjDTL1k9YU0uqIDHd6ONtyMSzk36qOQsdI1ThSQxGGtnJo2l5tifekn5vT7q\nXrzyHY+QhIWLVh2nl4G67HypfeRst5rln/OGd0kcjHQUt9ey1uYLPy+/dYHpC9Ms\nwTaOMLnfiNHo8w97iWQB+AwE5U3KmQcbYaWhHKgs+Uo/rJ8yC15qNn9j2Kjx8agx\nR+SPGKdLqUNQmW4CL+Bd4R4werlykboUj2wuds8Ft8S5SWtThW6wEoo8Uyru+0jl\nTQ2n0+9Pyb7o3/J42XYZSslgwtCeR0N0g5IdZA5UJ5w6nr4017dpyZL75bW7RDP9\nMZ8UGoS1DWgdXjcF8FLgsRD17Kooobq0lnT/dGN7veglDvdSLuhPRxaXc7jYDuwd\neySp8nQ1j05ADzbi9c/OCtQEbN1yQAc3kARqIGKnc5MPlh7NM3KimyEmkN+ZBEKb\nWF41ZtuaePnS2qdG2tsOmohPyOZX7lHn5b2/6QfofQI0ds8mcg5A/cAzSPZdv5R1\npRVA8kKDMN1hMbNNse9dD6O44Pv+LxOQi0fmmd6MRtksFhRmTUrWhSkpRrlf2uvy\nU58DP02EafqsxfBSbZ7v6CUCAwEAAQ==\n-----END PUBLIC KEY-----\n",
            "rsa_bits": 4096
          },
          "sensitive_attributes": []
        }
      ]
    },
    {
      "module": "module.loadbalancer",
      "mode": "managed",
      "type": "aws_alb",
      "name": "internal_alb",
      "provider": "provider[\"registry.terraform.io/hashicorp/aws\"]",
      "instances": [
        {
          "schema_version": 0,
          "attributes": {
            "access_logs": [
              {
                "bucket": "",
                "enabled": false,
                "prefix": ""
              }
            ],
            "arn": "arn:aws:elasticloadbalancing:us-east-1:326779754677:loadbalancer/app/internalalb/d637b9c9392e254a",
            "arn_suffix": "app/internalalb/d637b9c9392e254a",
            "customer_owned_ipv4_pool": "",
            "desync_mitigation_mode": "defensive",
            "dns_name": "internal-internalalb-1848513668.us-east-1.elb.amazonaws.com",
            "drop_invalid_header_fields": false,
            "enable_cross_zone_load_balancing": true,
            "enable_deletion_protection": false,
            "enable_http2": true,
            "enable_waf_fail_open": false,
            "id": "arn:aws:elasticloadbalancing:us-east-1:326779754677:loadbalancer/app/internalalb/d637b9c9392e254a",
            "idle_timeout": 60,
            "internal": true,
            "ip_address_type": "ipv4",
            "load_balancer_type": "application",
            "name": "internalalb",
            "name_prefix": null,
            "security_groups": [
              "sg-0c5e4f38bb9ea2f65"
            ],
            "subnet_mapping": [
              {
                "allocation_id": "",
                "ipv6_address": "",
                "outpost_id": "",
                "private_ipv4_address": "",
                "subnet_id": "subnet-0ce06c74cd847af31"
              },
              {
                "allocation_id": "",
                "ipv6_address": "",
                "outpost_id": "",
                "private_ipv4_address": "",
                "subnet_id": "subnet-0e6715048c2f15bcc"
              }
            ],
            "subnets": [
              "subnet-0ce06c74cd847af31",
              "subnet-0e6715048c2f15bcc"
            ],
            "tags": {
              "Name": "internal-ALB"
            },
            "tags_all": {
              "Name": "internal-ALB"
            },
            "timeouts": null,
            "vpc_id": "vpc-02affd65c9733ee7c",
            "zone_id": "Z35SXDOTRQ7X7K"
          },
          "sensitive_attributes": [],
          "private": "eyJlMmJmYjczMC1lY2FhLTExZTYtOGY4OC0zNDM2M2JjN2M0YzAiOnsiY3JlYXRlIjo2MDAwMDAwMDAwMDAsImRlbGV0ZSI6NjAwMDAwMDAwMDAwLCJ1cGRhdGUiOjYwMDAwMDAwMDAwMH19",
          "dependencies": [
            "module.security_group.aws_security_group.internal_alb_sg",
            "module.security_group.aws_security_group.private_instance_sg",
            "module.security_group.aws_security_group.public_instance_sg",
            "module.subnet.aws_subnet.private_subnets",
            "module.vpc.aws_vpc.main"
          ]
        }
      ]
    },
    {
      "module": "module.loadbalancer",
      "mode": "managed",
      "type": "aws_alb",
      "name": "internet_facing_lb",
      "provider": "provider[\"registry.terraform.io/hashicorp/aws\"]",
      "instances": [
        {
          "schema_version": 0,
          "attributes": {
            "access_logs": [
              {
                "bucket": "",
                "enabled": false,
                "prefix": ""
              }
            ],
            "arn": "arn:aws:elasticloadbalancing:us-east-1:326779754677:loadbalancer/app/externalalp/b6c6dc576e0ebdb0",
            "arn_suffix": "app/externalalp/b6c6dc576e0ebdb0",
            "customer_owned_ipv4_pool": "",
            "desync_mitigation_mode": "defensive",
            "dns_name": "externalalp-1746547897.us-east-1.elb.amazonaws.com",
            "drop_invalid_header_fields": false,
            "enable_cross_zone_load_balancing": true,
            "enable_deletion_protection": false,
            "enable_http2": true,
            "enable_waf_fail_open": false,
            "id": "arn:aws:elasticloadbalancing:us-east-1:326779754677:loadbalancer/app/externalalp/b6c6dc576e0ebdb0",
            "idle_timeout": 60,
            "internal": false,
            "ip_address_type": "ipv4",
            "load_balancer_type": "application",
            "name": "externalalp",
            "name_prefix": null,
            "security_groups": [
              "sg-0466d49ea7aade89f"
            ],
            "subnet_mapping": [
              {
                "allocation_id": "",
                "ipv6_address": "",
                "outpost_id": "",
                "private_ipv4_address": "",
                "subnet_id": "subnet-051da7d21ea5966d0"
              },
              {
                "allocation_id": "",
                "ipv6_address": "",
                "outpost_id": "",
                "private_ipv4_address": "",
                "subnet_id": "subnet-0fd8c61d9cb7df065"
              }
            ],
            "subnets": [
              "subnet-051da7d21ea5966d0",
              "subnet-0fd8c61d9cb7df065"
            ],
            "tags": {
              "Name": "external-ALB"
            },
            "tags_all": {
              "Name": "external-ALB"
            },
            "timeouts": null,
            "vpc_id": "vpc-02affd65c9733ee7c",
            "zone_id": "Z35SXDOTRQ7X7K"
          },
          "sensitive_attributes": [],
          "private": "eyJlMmJmYjczMC1lY2FhLTExZTYtOGY4OC0zNDM2M2JjN2M0YzAiOnsiY3JlYXRlIjo2MDAwMDAwMDAwMDAsImRlbGV0ZSI6NjAwMDAwMDAwMDAwLCJ1cGRhdGUiOjYwMDAwMDAwMDAwMH19",
          "dependencies": [
            "module.security_group.aws_security_group.internetfacing_alb_sg",
            "module.security_group.aws_security_group.public_instance_sg",
            "module.subnet.aws_subnet.public",
            "module.vpc.aws_vpc.main"
          ]
        }
      ]
    },
    {
      "module": "module.loadbalancer",
      "mode": "managed",
      "type": "aws_alb_target_group_attachment",
      "name": "apache_a_attach",
      "provider": "provider[\"registry.terraform.io/hashicorp/aws\"]",
      "instances": [
        {
          "index_key": 0,
          "schema_version": 0,
          "attributes": {
            "availability_zone": null,
            "id": "arn:aws:elasticloadbalancing:us-east-1:326779754677:targetgroup/tf-20230509113429507600000001/dd3d64d2ad10945e-20230509113518268200000005",
            "port": 80,
            "target_group_arn": "arn:aws:elasticloadbalancing:us-east-1:326779754677:targetgroup/tf-20230509113429507600000001/dd3d64d2ad10945e",
            "target_id": "i-078690e4fb82063d8"
          },
          "sensitive_attributes": [],
          "private": "bnVsbA==",
          "dependencies": [
            "module.instances.aws_instance.apache_server",
            "module.loadbalancer.aws_lb_target_group.private_tg",
            "module.security_group.aws_security_group.private_instance_sg",
            "module.subnet.aws_subnet.private_subnets",
            "module.vpc.aws_vpc.main"
          ]
        },
        {
          "index_key": 1,
          "schema_version": 0,
          "attributes": {
            "availability_zone": null,
            "id": "arn:aws:elasticloadbalancing:us-east-1:326779754677:targetgroup/tf-20230509113429507600000001/dd3d64d2ad10945e-20230509113518231200000004",
            "port": 80,
            "target_group_arn": "arn:aws:elasticloadbalancing:us-east-1:326779754677:targetgroup/tf-20230509113429507600000001/dd3d64d2ad10945e",
            "target_id": "i-0bd686d4da30599bb"
          },
          "sensitive_attributes": [],
          "private": "bnVsbA==",
          "dependencies": [
            "module.instances.aws_instance.apache_server",
            "module.loadbalancer.aws_lb_target_group.private_tg",
            "module.security_group.aws_security_group.private_instance_sg",
            "module.subnet.aws_subnet.private_subnets",
            "module.vpc.aws_vpc.main"
          ]
        }
      ]
    },
    {
      "module": "module.loadbalancer",
      "mode": "managed",
      "type": "aws_lb_listener",
      "name": "backend",
      "provider": "provider[\"registry.terraform.io/hashicorp/aws\"]",
      "instances": [
        {
          "schema_version": 0,
          "attributes": {
            "alpn_policy": null,
            "arn": "arn:aws:elasticloadbalancing:us-east-1:326779754677:listener/app/internalalb/d637b9c9392e254a/ca384613fa871647",
            "certificate_arn": null,
            "default_action": [
              {
                "authenticate_cognito": [],
                "authenticate_oidc": [],
                "fixed_response": [],
                "forward": [],
                "order": 1,
                "redirect": [],
                "target_group_arn": "arn:aws:elasticloadbalancing:us-east-1:326779754677:targetgroup/tf-20230509113429507600000001/dd3d64d2ad10945e",
                "type": "forward"
              }
            ],
            "id": "arn:aws:elasticloadbalancing:us-east-1:326779754677:listener/app/internalalb/d637b9c9392e254a/ca384613fa871647",
            "load_balancer_arn": "arn:aws:elasticloadbalancing:us-east-1:326779754677:loadbalancer/app/internalalb/d637b9c9392e254a",
            "port": 80,
            "protocol": "HTTP",
            "ssl_policy": "",
            "tags": {},
            "tags_all": {},
            "timeouts": null
          },
          "sensitive_attributes": [],
          "private": "eyJlMmJmYjczMC1lY2FhLTExZTYtOGY4OC0zNDM2M2JjN2M0YzAiOnsicmVhZCI6NjAwMDAwMDAwMDAwfX0=",
          "dependencies": [
            "module.loadbalancer.aws_alb.internal_alb",
            "module.loadbalancer.aws_lb_target_group.private_tg",
            "module.security_group.aws_security_group.internal_alb_sg",
            "module.security_group.aws_security_group.private_instance_sg",
            "module.security_group.aws_security_group.public_instance_sg",
            "module.subnet.aws_subnet.private_subnets",
            "module.vpc.aws_vpc.main"
          ]
        }
      ]
    },
    {
      "module": "module.loadbalancer",
      "mode": "managed",
      "type": "aws_lb_listener",
      "name": "front_end",
      "provider": "provider[\"registry.terraform.io/hashicorp/aws\"]",
      "instances": [
        {
          "schema_version": 0,
          "attributes": {
            "alpn_policy": null,
            "arn": "arn:aws:elasticloadbalancing:us-east-1:326779754677:listener/app/externalalp/b6c6dc576e0ebdb0/fff4607768a107a4",
            "certificate_arn": null,
            "default_action": [
              {
                "authenticate_cognito": [],
                "authenticate_oidc": [],
                "fixed_response": [],
                "forward": [],
                "order": 1,
                "redirect": [],
                "target_group_arn": "arn:aws:elasticloadbalancing:us-east-1:326779754677:targetgroup/external-tg/a8f6ca21077747c1",
                "type": "forward"
              }
            ],
            "id": "arn:aws:elasticloadbalancing:us-east-1:326779754677:listener/app/externalalp/b6c6dc576e0ebdb0/fff4607768a107a4",
            "load_balancer_arn": "arn:aws:elasticloadbalancing:us-east-1:326779754677:loadbalancer/app/externalalp/b6c6dc576e0ebdb0",
            "port": 80,
            "protocol": "HTTP",
            "ssl_policy": "",
            "tags": {},
            "tags_all": {},
            "timeouts": null
          },
          "sensitive_attributes": [],
          "private": "eyJlMmJmYjczMC1lY2FhLTExZTYtOGY4OC0zNDM2M2JjN2M0YzAiOnsicmVhZCI6NjAwMDAwMDAwMDAwfX0=",
          "dependencies": [
            "module.loadbalancer.aws_alb.internet_facing_lb",
            "module.loadbalancer.aws_lb_target_group.front_end",
            "module.security_group.aws_security_group.internetfacing_alb_sg",
            "module.security_group.aws_security_group.public_instance_sg",
            "module.subnet.aws_subnet.public",
            "module.vpc.aws_vpc.main"
          ]
        }
      ]
    },
    {
      "module": "module.loadbalancer",
      "mode": "managed",
      "type": "aws_lb_target_group",
      "name": "front_end",
      "provider": "provider[\"registry.terraform.io/hashicorp/aws\"]",
      "instances": [
        {
          "schema_version": 0,
          "attributes": {
            "arn": "arn:aws:elasticloadbalancing:us-east-1:326779754677:targetgroup/external-tg/a8f6ca21077747c1",
            "arn_suffix": "targetgroup/external-tg/a8f6ca21077747c1",
            "connection_termination": false,
            "deregistration_delay": "300",
            "health_check": [
              {
                "enabled": true,
                "healthy_threshold": 5,
                "interval": 30,
                "matcher": "200",
                "path": "/",
                "port": "traffic-port",
                "protocol": "HTTP",
                "timeout": 10,
                "unhealthy_threshold": 5
              }
            ],
            "id": "arn:aws:elasticloadbalancing:us-east-1:326779754677:targetgroup/external-tg/a8f6ca21077747c1",
            "lambda_multi_value_headers_enabled": false,
            "load_balancing_algorithm_type": "round_robin",
            "name": "external-tg",
            "name_prefix": null,
            "port": 80,
            "preserve_client_ip": null,
            "protocol": "HTTP",
            "protocol_version": "HTTP1",
            "proxy_protocol_v2": false,
            "slow_start": 0,
            "stickiness": [
              {
                "cookie_duration": 86400,
                "cookie_name": "",
                "enabled": false,
                "type": "lb_cookie"
              }
            ],
            "tags": {
              "Name": "external-tg"
            },
            "tags_all": {
              "Name": "external-tg"
            },
            "target_type": "instance",
            "vpc_id": "vpc-02affd65c9733ee7c"
          },
          "sensitive_attributes": [],
          "private": "bnVsbA==",
          "dependencies": [
            "module.vpc.aws_vpc.main"
          ]
        }
      ]
    },
    {
      "module": "module.loadbalancer",
      "mode": "managed",
      "type": "aws_lb_target_group",
      "name": "private_tg",
      "provider": "provider[\"registry.terraform.io/hashicorp/aws\"]",
      "instances": [
        {
          "schema_version": 0,
          "attributes": {
            "arn": "arn:aws:elasticloadbalancing:us-east-1:326779754677:targetgroup/tf-20230509113429507600000001/dd3d64d2ad10945e",
            "arn_suffix": "targetgroup/tf-20230509113429507600000001/dd3d64d2ad10945e",
            "connection_termination": false,
            "deregistration_delay": "300",
            "health_check": [
              {
                "enabled": true,
                "healthy_threshold": 5,
                "interval": 30,
                "matcher": "200",
                "path": "/",
                "port": "traffic-port",
                "protocol": "HTTP",
                "timeout": 10,
                "unhealthy_threshold": 5
              }
            ],
            "id": "arn:aws:elasticloadbalancing:us-east-1:326779754677:targetgroup/tf-20230509113429507600000001/dd3d64d2ad10945e",
            "lambda_multi_value_headers_enabled": false,
            "load_balancing_algorithm_type": "round_robin",
            "name": "tf-20230509113429507600000001",
            "name_prefix": null,
            "port": 80,
            "preserve_client_ip": null,
            "protocol": "HTTP",
            "protocol_version": "HTTP1",
            "proxy_protocol_v2": false,
            "slow_start": 0,
            "stickiness": [
              {
                "cookie_duration": 86400,
                "cookie_name": "",
                "enabled": false,
                "type": "lb_cookie"
              }
            ],
            "tags": {},
            "tags_all": {},
            "target_type": "instance",
            "vpc_id": "vpc-02affd65c9733ee7c"
          },
          "sensitive_attributes": [],
          "private": "bnVsbA==",
          "dependencies": [
            "module.vpc.aws_vpc.main"
          ]
        }
      ]
    },
    {
      "module": "module.loadbalancer",
      "mode": "managed",
      "type": "aws_lb_target_group_attachment",
      "name": "attatch_nginx",
      "provider": "provider[\"registry.terraform.io/hashicorp/aws\"]",
      "instances": [
        {
          "index_key": 0,
          "schema_version": 0,
          "attributes": {
            "availability_zone": null,
            "id": "arn:aws:elasticloadbalancing:us-east-1:326779754677:targetgroup/external-tg/a8f6ca21077747c1-20230509114848234600000002",
            "port": 80,
            "target_group_arn": "arn:aws:elasticloadbalancing:us-east-1:326779754677:targetgroup/external-tg/a8f6ca21077747c1",
            "target_id": "i-088c12fb281adc047"
          },
          "sensitive_attributes": [],
          "private": "bnVsbA==",
          "dependencies": [
            "module.instances.aws_instance.server_ubuntu",
            "module.loadbalancer.aws_lb_target_group.front_end",
            "module.security_group.aws_security_group.public_instance_sg",
            "module.subnet.aws_subnet.public"
          ]
        },
        {
          "index_key": 1,
          "schema_version": 0,
          "attributes": {
            "availability_zone": null,
            "id": "arn:aws:elasticloadbalancing:us-east-1:326779754677:targetgroup/external-tg/a8f6ca21077747c1-20230509114848194900000001",
            "port": 80,
            "target_group_arn": "arn:aws:elasticloadbalancing:us-east-1:326779754677:targetgroup/external-tg/a8f6ca21077747c1",
            "target_id": "i-0edbadd39c8a88767"
          },
          "sensitive_attributes": [],
          "private": "bnVsbA==",
          "dependencies": [
            "module.instances.aws_instance.server_ubuntu",
            "module.loadbalancer.aws_lb_target_group.front_end",
            "module.security_group.aws_security_group.public_instance_sg",
            "module.subnet.aws_subnet.public"
          ]
        }
      ]
    },
    {
      "module": "module.nate_gatway",
      "mode": "managed",
      "type": "aws_nat_gateway",
      "name": "ntgw",
      "provider": "provider[\"registry.terraform.io/hashicorp/aws\"]",
      "instances": [
        {
          "index_key": 0,
          "schema_version": 0,
          "attributes": {
            "allocation_id": "eipalloc-0f22cd9491a9edb7b",
            "connectivity_type": "public",
            "id": "nat-0a544526eb9921564",
            "network_interface_id": "eni-0609ff417f3a771ce",
            "private_ip": "10.0.0.153",
            "public_ip": "3.209.30.209",
            "subnet_id": "subnet-051da7d21ea5966d0",
            "tags": {
              "Name": "ntgw-0"
            },
            "tags_all": {
              "Name": "ntgw-0"
            }
          },
          "sensitive_attributes": [],
          "private": "bnVsbA==",
          "dependencies": [
            "module.elastic_ip.aws_eip.elastic_ip",
            "module.subnet.aws_subnet.public",
            "module.vpc.aws_vpc.main"
          ]
        },
        {
          "index_key": 1,
          "schema_version": 0,
          "attributes": {
            "allocation_id": "eipalloc-085200277d068feb8",
            "connectivity_type": "public",
            "id": "nat-0d88ab5f991d8e79b",
            "network_interface_id": "eni-01e376aad5ad615e2",
            "private_ip": "10.0.1.85",
            "public_ip": "3.230.68.58",
            "subnet_id": "subnet-0fd8c61d9cb7df065",
            "tags": {
              "Name": "ntgw-1"
            },
            "tags_all": {
              "Name": "ntgw-1"
            }
          },
          "sensitive_attributes": [],
          "private": "bnVsbA==",
          "dependencies": [
            "module.elastic_ip.aws_eip.elastic_ip",
            "module.subnet.aws_subnet.public",
            "module.vpc.aws_vpc.main"
          ]
        }
      ]
    },
    {
      "module": "module.s3",
      "mode": "managed",
      "type": "aws_s3_bucket",
      "name": "bucket1",
      "provider": "provider[\"registry.terraform.io/hashicorp/aws\"]",
      "instances": [
        {
          "schema_version": 0,
          "attributes": {
            "acceleration_status": "",
            "acl": "private",
            "arn": "arn:aws:s3:::tereraformworkspaceremote123456kn789",
            "bucket": "tereraformworkspaceremote123456kn789",
            "bucket_domain_name": "tereraformworkspaceremote123456kn789.s3.amazonaws.com",
            "bucket_prefix": null,
            "bucket_regional_domain_name": "tereraformworkspaceremote123456kn789.s3.amazonaws.com",
            "cors_rule": [],
            "force_destroy": false,
            "grant": [],
            "hosted_zone_id": "Z3AQBSTGFYJSTF",
            "id": "tereraformworkspaceremote123456kn789",
            "lifecycle_rule": [],
            "logging": [],
            "object_lock_configuration": [],
            "policy": "",
            "region": "us-east-1",
            "replication_configuration": [],
            "request_payer": "BucketOwner",
            "server_side_encryption_configuration": [
              {
                "rule": [
                  {
                    "apply_server_side_encryption_by_default": [
                      {
                        "kms_master_key_id": "",
                        "sse_algorithm": "AES256"
                      }
                    ],
                    "bucket_key_enabled": false
                  }
                ]
              }
            ],
            "tags": {
              "Name": "test"
            },
            "tags_all": {
              "Name": "test"
            },
            "versioning": [
              {
                "enabled": false,
                "mfa_delete": false
              }
            ],
            "website": [],
            "website_domain": null,
            "website_endpoint": null
          },
          "sensitive_attributes": [],
          "private": "bnVsbA=="
        }
      ]
    },
    {
      "module": "module.s3",
      "mode": "managed",
      "type": "aws_s3_bucket_acl",
      "name": "bucket1",
      "provider": "provider[\"registry.terraform.io/hashicorp/aws\"]",
      "instances": [
        {
          "schema_version": 0,
          "attributes": {
            "access_control_policy": [
              {
                "grant": [
                  {
                    "grantee": [
                      {
                        "display_name": "dl-daas",
                        "email_address": "",
                        "id": "be7544b3ee4df80ce3fe07302ea5e94258bd292faa944a497e003df26296c4bd",
                        "type": "CanonicalUser",
                        "uri": ""
                      }
                    ],
                    "permission": "FULL_CONTROL"
                  }
                ],
                "owner": [
                  {
                    "display_name": "dl-daas",
                    "id": "be7544b3ee4df80ce3fe07302ea5e94258bd292faa944a497e003df26296c4bd"
                  }
                ]
              }
            ],
            "acl": "private",
            "bucket": "tereraformworkspaceremote123456kn789",
            "expected_bucket_owner": "",
            "id": "tereraformworkspaceremote123456kn789,private"
          },
          "sensitive_attributes": [],
          "private": "bnVsbA==",
          "dependencies": [
            "module.s3.aws_s3_bucket.bucket1",
            "module.s3.aws_s3_bucket_ownership_controls.bucket1"
          ]
        }
      ]
    },
    {
      "module": "module.s3",
      "mode": "managed",
      "type": "aws_s3_bucket_ownership_controls",
      "name": "bucket1",
      "provider": "provider[\"registry.terraform.io/hashicorp/aws\"]",
      "instances": [
        {
          "schema_version": 0,
          "attributes": {
            "bucket": "tereraformworkspaceremote123456kn789",
            "id": "tereraformworkspaceremote123456kn789",
            "rule": [
              {
                "object_ownership": "BucketOwnerPreferred"
              }
            ]
          },
          "sensitive_attributes": [],
          "private": "bnVsbA==",
          "dependencies": [
            "module.s3.aws_s3_bucket.bucket1"
          ]
        }
      ]
    },
    {
      "module": "module.s3",
      "mode": "managed",
      "type": "aws_s3_object",
      "name": "object",
      "provider": "provider[\"registry.terraform.io/hashicorp/aws\"]",
      "instances": [
        {
          "schema_version": 0,
          "attributes": {
            "acl": "private",
            "bucket": "tereraformworkspaceremote123456kn789",
            "bucket_key_enabled": false,
            "cache_control": "",
            "content": null,
            "content_base64": null,
            "content_disposition": "",
            "content_encoding": "",
            "content_language": "",
            "content_type": "binary/octet-stream",
            "etag": "d41d8cd98f00b204e9800998ecf8427e",
            "force_destroy": false,
            "id": "terraform.tfstate",
            "key": "terraform.tfstate",
            "kms_key_id": null,
            "metadata": {},
            "object_lock_legal_hold_status": "",
            "object_lock_mode": "",
            "object_lock_retain_until_date": "",
            "server_side_encryption": "AES256",
            "source": null,
            "source_hash": null,
            "storage_class": "STANDARD",
            "tags": {},
            "tags_all": {},
            "version_id": "",
            "website_redirect": ""
          },
          "sensitive_attributes": [],
          "private": "bnVsbA==",
          "dependencies": [
            "module.s3.aws_s3_bucket.bucket1"
          ]
        }
      ]
    },
    {
      "module": "module.security_group",
      "mode": "managed",
      "type": "aws_security_group",
      "name": "internal_alb_sg",
      "provider": "provider[\"registry.terraform.io/hashicorp/aws\"]",
      "instances": [
        {
          "schema_version": 1,
          "attributes": {
            "arn": "arn:aws:ec2:us-east-1:326779754677:security-group/sg-0c5e4f38bb9ea2f65",
            "description": "Managed by Terraform",
            "egress": [
              {
                "cidr_blocks": [],
                "description": "internal lb traffic",
                "from_port": 80,
                "ipv6_cidr_blocks": [],
                "prefix_list_ids": [],
                "protocol": "tcp",
                "security_groups": [
                  "sg-0667999a96b71c61e"
                ],
                "self": false,
                "to_port": 80
              }
            ],
            "id": "sg-0c5e4f38bb9ea2f65",
            "ingress": [
              {
                "cidr_blocks": [],
                "description": "internal routing ",
                "from_port": 80,
                "ipv6_cidr_blocks": [],
                "prefix_list_ids": [],
                "protocol": "tcp",
                "security_groups": [
                  "sg-08f66b946f2c2046c"
                ],
                "self": false,
                "to_port": 80
              }
            ],
            "name": "internal_alb_sg",
            "name_prefix": "",
            "owner_id": "326779754677",
            "revoke_rules_on_delete": false,
            "tags": {
              "Name": "internal_alb_sg"
            },
            "tags_all": {
              "Name": "internal_alb_sg"
            },
            "timeouts": null,
            "vpc_id": "vpc-02affd65c9733ee7c"
          },
          "sensitive_attributes": [],
          "private": "eyJlMmJmYjczMC1lY2FhLTExZTYtOGY4OC0zNDM2M2JjN2M0YzAiOnsiY3JlYXRlIjo2MDAwMDAwMDAwMDAsImRlbGV0ZSI6OTAwMDAwMDAwMDAwfSwic2NoZW1hX3ZlcnNpb24iOiIxIn0=",
          "dependencies": [
            "module.security_group.aws_security_group.private_instance_sg",
            "module.security_group.aws_security_group.public_instance_sg",
            "module.vpc.aws_vpc.main"
          ]
        }
      ]
    },
    {
      "module": "module.security_group",
      "mode": "managed",
      "type": "aws_security_group",
      "name": "internetfacing_alb_sg",
      "provider": "provider[\"registry.terraform.io/hashicorp/aws\"]",
      "instances": [
        {
          "schema_version": 1,
          "attributes": {
            "arn": "arn:aws:ec2:us-east-1:326779754677:security-group/sg-0466d49ea7aade89f",
            "description": "Managed by Terraform",
            "egress": [
              {
                "cidr_blocks": [
                  "0.0.0.0/0"
                ],
                "description": "allow all trafic in the outbound rule",
                "from_port": 0,
                "ipv6_cidr_blocks": [],
                "prefix_list_ids": [],
                "protocol": "-1",
                "security_groups": [],
                "self": false,
                "to_port": 0
              },
              {
                "cidr_blocks": [],
                "description": "allow all trafic in the outbound rule",
                "from_port": 80,
                "ipv6_cidr_blocks": [],
                "prefix_list_ids": [],
                "protocol": "tcp",
                "security_groups": [
                  "sg-08f66b946f2c2046c"
                ],
                "self": false,
                "to_port": 80
              }
            ],
            "id": "sg-0466d49ea7aade89f",
            "ingress": [
              {
                "cidr_blocks": [
                  "0.0.0.0/0"
                ],
                "description": "allow http port",
                "from_port": 80,
                "ipv6_cidr_blocks": [],
                "prefix_list_ids": [],
                "protocol": "tcp",
                "security_groups": [],
                "self": false,
                "to_port": 80
              }
            ],
            "name": "internetfacing_alb_sg",
            "name_prefix": "",
            "owner_id": "326779754677",
            "revoke_rules_on_delete": false,
            "tags": {
              "Name": "internetfacing_alb_sg"
            },
            "tags_all": {
              "Name": "internetfacing_alb_sg"
            },
            "timeouts": null,
            "vpc_id": "vpc-02affd65c9733ee7c"
          },
          "sensitive_attributes": [],
          "private": "eyJlMmJmYjczMC1lY2FhLTExZTYtOGY4OC0zNDM2M2JjN2M0YzAiOnsiY3JlYXRlIjo2MDAwMDAwMDAwMDAsImRlbGV0ZSI6OTAwMDAwMDAwMDAwfSwic2NoZW1hX3ZlcnNpb24iOiIxIn0=",
          "dependencies": [
            "module.security_group.aws_security_group.public_instance_sg",
            "module.vpc.aws_vpc.main"
          ]
        }
      ]
    },
    {
      "module": "module.security_group",
      "mode": "managed",
      "type": "aws_security_group",
      "name": "private_instance_sg",
      "provider": "provider[\"registry.terraform.io/hashicorp/aws\"]",
      "instances": [
        {
          "schema_version": 1,
          "attributes": {
            "arn": "arn:aws:ec2:us-east-1:326779754677:security-group/sg-0667999a96b71c61e",
            "description": "Managed by Terraform",
            "egress": [
              {
                "cidr_blocks": [
                  "0.0.0.0/0"
                ],
                "description": "",
                "from_port": 0,
                "ipv6_cidr_blocks": [],
                "prefix_list_ids": [],
                "protocol": "-1",
                "security_groups": [],
                "self": false,
                "to_port": 0
              }
            ],
            "id": "sg-0667999a96b71c61e",
            "ingress": [
              {
                "cidr_blocks": [
                  "0.0.0.0/0"
                ],
                "description": "",
                "from_port": 22,
                "ipv6_cidr_blocks": [],
                "prefix_list_ids": [],
                "protocol": "tcp",
                "security_groups": [],
                "self": false,
                "to_port": 22
              },
              {
                "cidr_blocks": [],
                "description": "",
                "from_port": 80,
                "ipv6_cidr_blocks": [],
                "prefix_list_ids": [],
                "protocol": "tcp",
                "security_groups": [
                  "sg-0c5e4f38bb9ea2f65"
                ],
                "self": false,
                "to_port": 80
              }
            ],
            "name": "private_instance_sg",
            "name_prefix": "",
            "owner_id": "326779754677",
            "revoke_rules_on_delete": false,
            "tags": {
              "Name": "private_instance_sg"
            },
            "tags_all": {
              "Name": "private_instance_sg"
            },
            "timeouts": null,
            "vpc_id": "vpc-02affd65c9733ee7c"
          },
          "sensitive_attributes": [],
          "private": "eyJlMmJmYjczMC1lY2FhLTExZTYtOGY4OC0zNDM2M2JjN2M0YzAiOnsiY3JlYXRlIjo2MDAwMDAwMDAwMDAsImRlbGV0ZSI6OTAwMDAwMDAwMDAwfSwic2NoZW1hX3ZlcnNpb24iOiIxIn0=",
          "dependencies": [
            "module.vpc.aws_vpc.main"
          ]
        }
      ]
    },
    {
      "module": "module.security_group",
      "mode": "managed",
      "type": "aws_security_group",
      "name": "public_instance_sg",
      "provider": "provider[\"registry.terraform.io/hashicorp/aws\"]",
      "instances": [
        {
          "schema_version": 1,
          "attributes": {
            "arn": "arn:aws:ec2:us-east-1:326779754677:security-group/sg-08f66b946f2c2046c",
            "description": "Managed by Terraform",
            "egress": [
              {
                "cidr_blocks": [
                  "0.0.0.0/0"
                ],
                "description": "",
                "from_port": 0,
                "ipv6_cidr_blocks": [],
                "prefix_list_ids": [],
                "protocol": "-1",
                "security_groups": [],
                "self": false,
                "to_port": 0
              }
            ],
            "id": "sg-08f66b946f2c2046c",
            "ingress": [
              {
                "cidr_blocks": [
                  "0.0.0.0/0"
                ],
                "description": "",
                "from_port": 22,
                "ipv6_cidr_blocks": [],
                "prefix_list_ids": [],
                "protocol": "tcp",
                "security_groups": [],
                "self": false,
                "to_port": 22
              },
              {
                "cidr_blocks": [],
                "description": "",
                "from_port": 80,
                "ipv6_cidr_blocks": [],
                "prefix_list_ids": [],
                "protocol": "tcp",
                "security_groups": [
                  "sg-0466d49ea7aade89f"
                ],
                "self": false,
                "to_port": 80
              }
            ],
            "name": "public_instance_sg",
            "name_prefix": "",
            "owner_id": "326779754677",
            "revoke_rules_on_delete": false,
            "tags": {
              "Name": "public_instance_sg"
            },
            "tags_all": {
              "Name": "public_instance_sg"
            },
            "timeouts": null,
            "vpc_id": "vpc-02affd65c9733ee7c"
          },
          "sensitive_attributes": [],
          "private": "eyJlMmJmYjczMC1lY2FhLTExZTYtOGY4OC0zNDM2M2JjN2M0YzAiOnsiY3JlYXRlIjo2MDAwMDAwMDAwMDAsImRlbGV0ZSI6OTAwMDAwMDAwMDAwfSwic2NoZW1hX3ZlcnNpb24iOiIxIn0=",
          "dependencies": [
            "module.vpc.aws_vpc.main"
          ]
        }
      ]
    },
    {
      "module": "module.security_group",
      "mode": "managed",
      "type": "aws_security_group_rule",
      "name": "http_priv",
      "provider": "provider[\"registry.terraform.io/hashicorp/aws\"]",
      "instances": [
        {
          "schema_version": 2,
          "attributes": {
            "cidr_blocks": [],
            "description": "",
            "from_port": 80,
            "id": "sgrule-1085667799",
            "ipv6_cidr_blocks": [],
            "prefix_list_ids": [],
            "protocol": "tcp",
            "security_group_id": "sg-0667999a96b71c61e",
            "self": false,
            "source_security_group_id": "sg-0c5e4f38bb9ea2f65",
            "to_port": 80,
            "type": "ingress"
          },
          "sensitive_attributes": [],
          "private": "eyJzY2hlbWFfdmVyc2lvbiI6IjIifQ==",
          "dependencies": [
            "module.security_group.aws_security_group.internal_alb_sg",
            "module.security_group.aws_security_group.private_instance_sg",
            "module.security_group.aws_security_group.public_instance_sg",
            "module.vpc.aws_vpc.main"
          ]
        }
      ]
    },
    {
      "module": "module.security_group",
      "mode": "managed",
      "type": "aws_security_group_rule",
      "name": "http_pub",
      "provider": "provider[\"registry.terraform.io/hashicorp/aws\"]",
      "instances": [
        {
          "schema_version": 2,
          "attributes": {
            "cidr_blocks": [],
            "description": "",
            "from_port": 80,
            "id": "sgrule-1983810442",
            "ipv6_cidr_blocks": [],
            "prefix_list_ids": [],
            "protocol": "tcp",
            "security_group_id": "sg-08f66b946f2c2046c",
            "self": false,
            "source_security_group_id": "sg-0466d49ea7aade89f",
            "to_port": 80,
            "type": "ingress"
          },
          "sensitive_attributes": [],
          "private": "eyJzY2hlbWFfdmVyc2lvbiI6IjIifQ==",
          "dependencies": [
            "module.security_group.aws_security_group.internetfacing_alb_sg",
            "module.security_group.aws_security_group.public_instance_sg",
            "module.vpc.aws_vpc.main"
          ]
        }
      ]
    },
    {
      "module": "module.security_group",
      "mode": "managed",
      "type": "aws_security_group_rule",
      "name": "outbound_priv",
      "provider": "provider[\"registry.terraform.io/hashicorp/aws\"]",
      "instances": [
        {
          "schema_version": 2,
          "attributes": {
            "cidr_blocks": [
              "0.0.0.0/0"
            ],
            "description": "",
            "from_port": 0,
            "id": "sgrule-1847090876",
            "ipv6_cidr_blocks": [],
            "prefix_list_ids": [],
            "protocol": "-1",
            "security_group_id": "sg-0667999a96b71c61e",
            "self": false,
            "source_security_group_id": null,
            "to_port": 0,
            "type": "egress"
          },
          "sensitive_attributes": [],
          "private": "eyJzY2hlbWFfdmVyc2lvbiI6IjIifQ==",
          "dependencies": [
            "module.security_group.aws_security_group.private_instance_sg",
            "module.vpc.aws_vpc.main"
          ]
        }
      ]
    },
    {
      "module": "module.security_group",
      "mode": "managed",
      "type": "aws_security_group_rule",
      "name": "outbound_rule",
      "provider": "provider[\"registry.terraform.io/hashicorp/aws\"]",
      "instances": [
        {
          "schema_version": 2,
          "attributes": {
            "cidr_blocks": [
              "0.0.0.0/0"
            ],
            "description": "",
            "from_port": 0,
            "id": "sgrule-2670303751",
            "ipv6_cidr_blocks": [],
            "prefix_list_ids": [],
            "protocol": "-1",
            "security_group_id": "sg-08f66b946f2c2046c",
            "self": false,
            "source_security_group_id": null,
            "to_port": 0,
            "type": "egress"
          },
          "sensitive_attributes": [],
          "private": "eyJzY2hlbWFfdmVyc2lvbiI6IjIifQ==",
          "dependencies": [
            "module.security_group.aws_security_group.public_instance_sg",
            "module.vpc.aws_vpc.main"
          ]
        }
      ]
    },
    {
      "module": "module.security_group",
      "mode": "managed",
      "type": "aws_security_group_rule",
      "name": "ssh_priv",
      "provider": "provider[\"registry.terraform.io/hashicorp/aws\"]",
      "instances": [
        {
          "schema_version": 2,
          "attributes": {
            "cidr_blocks": [
              "0.0.0.0/0"
            ],
            "description": "",
            "from_port": 22,
            "id": "sgrule-1987903830",
            "ipv6_cidr_blocks": [],
            "prefix_list_ids": [],
            "protocol": "tcp",
            "security_group_id": "sg-0667999a96b71c61e",
            "self": false,
            "source_security_group_id": null,
            "to_port": 22,
            "type": "ingress"
          },
          "sensitive_attributes": [],
          "private": "eyJzY2hlbWFfdmVyc2lvbiI6IjIifQ==",
          "dependencies": [
            "module.security_group.aws_security_group.private_instance_sg",
            "module.vpc.aws_vpc.main"
          ]
        }
      ]
    },
    {
      "module": "module.security_group",
      "mode": "managed",
      "type": "aws_security_group_rule",
      "name": "ssh_pub",
      "provider": "provider[\"registry.terraform.io/hashicorp/aws\"]",
      "instances": [
        {
          "schema_version": 2,
          "attributes": {
            "cidr_blocks": [
              "0.0.0.0/0"
            ],
            "description": "",
            "from_port": 22,
            "id": "sgrule-2143411674",
            "ipv6_cidr_blocks": [],
            "prefix_list_ids": [],
            "protocol": "tcp",
            "security_group_id": "sg-08f66b946f2c2046c",
            "self": false,
            "source_security_group_id": null,
            "to_port": 22,
            "type": "ingress"
          },
          "sensitive_attributes": [],
          "private": "eyJzY2hlbWFfdmVyc2lvbiI6IjIifQ==",
          "dependencies": [
            "module.security_group.aws_security_group.public_instance_sg",
            "module.vpc.aws_vpc.main"
          ]
        }
      ]
    },
    {
      "module": "module.subnet",
      "mode": "managed",
      "type": "aws_route_table",
      "name": "private_rtb",
      "provider": "provider[\"registry.terraform.io/hashicorp/aws\"]",
      "instances": [
        {
          "index_key": 0,
          "schema_version": 0,
          "attributes": {
            "arn": "arn:aws:ec2:us-east-1:326779754677:route-table/rtb-0ff3c52b84a27385a",
            "id": "rtb-0ff3c52b84a27385a",
            "owner_id": "326779754677",
            "propagating_vgws": [],
            "route": [
              {
                "carrier_gateway_id": "",
                "cidr_block": "0.0.0.0/0",
                "destination_prefix_list_id": "",
                "egress_only_gateway_id": "",
                "gateway_id": "",
                "instance_id": "",
                "ipv6_cidr_block": "",
                "local_gateway_id": "",
                "nat_gateway_id": "nat-0a544526eb9921564",
                "network_interface_id": "",
                "transit_gateway_id": "",
                "vpc_endpoint_id": "",
                "vpc_peering_connection_id": ""
              }
            ],
            "tags": {
              "Name": "private_rtb-0"
            },
            "tags_all": {
              "Name": "private_rtb-0"
            },
            "timeouts": null,
            "vpc_id": "vpc-02affd65c9733ee7c"
          },
          "sensitive_attributes": [],
          "private": "eyJlMmJmYjczMC1lY2FhLTExZTYtOGY4OC0zNDM2M2JjN2M0YzAiOnsiY3JlYXRlIjozMDAwMDAwMDAwMDAsImRlbGV0ZSI6MzAwMDAwMDAwMDAwLCJ1cGRhdGUiOjEyMDAwMDAwMDAwMH19",
          "dependencies": [
            "module.elastic_ip.aws_eip.elastic_ip",
            "module.nate_gatway.aws_nat_gateway.ntgw",
            "module.subnet.aws_subnet.public",
            "module.vpc.aws_vpc.main"
          ]
        },
        {
          "index_key": 1,
          "schema_version": 0,
          "attributes": {
            "arn": "arn:aws:ec2:us-east-1:326779754677:route-table/rtb-0ddd6c61d2596e2e8",
            "id": "rtb-0ddd6c61d2596e2e8",
            "owner_id": "326779754677",
            "propagating_vgws": [],
            "route": [
              {
                "carrier_gateway_id": "",
                "cidr_block": "0.0.0.0/0",
                "destination_prefix_list_id": "",
                "egress_only_gateway_id": "",
                "gateway_id": "",
                "instance_id": "",
                "ipv6_cidr_block": "",
                "local_gateway_id": "",
                "nat_gateway_id": "nat-0d88ab5f991d8e79b",
                "network_interface_id": "",
                "transit_gateway_id": "",
                "vpc_endpoint_id": "",
                "vpc_peering_connection_id": ""
              }
            ],
            "tags": {
              "Name": "private_rtb-1"
            },
            "tags_all": {
              "Name": "private_rtb-1"
            },
            "timeouts": null,
            "vpc_id": "vpc-02affd65c9733ee7c"
          },
          "sensitive_attributes": [],
          "private": "eyJlMmJmYjczMC1lY2FhLTExZTYtOGY4OC0zNDM2M2JjN2M0YzAiOnsiY3JlYXRlIjozMDAwMDAwMDAwMDAsImRlbGV0ZSI6MzAwMDAwMDAwMDAwLCJ1cGRhdGUiOjEyMDAwMDAwMDAwMH19",
          "dependencies": [
            "module.elastic_ip.aws_eip.elastic_ip",
            "module.nate_gatway.aws_nat_gateway.ntgw",
            "module.subnet.aws_subnet.public",
            "module.vpc.aws_vpc.main"
          ]
        }
      ]
    },
    {
      "module": "module.subnet",
      "mode": "managed",
      "type": "aws_route_table",
      "name": "public_rtb",
      "provider": "provider[\"registry.terraform.io/hashicorp/aws\"]",
      "instances": [
        {
          "index_key": 0,
          "schema_version": 0,
          "attributes": {
            "arn": "arn:aws:ec2:us-east-1:326779754677:route-table/rtb-0da76a664f4c676cb",
            "id": "rtb-0da76a664f4c676cb",
            "owner_id": "326779754677",
            "propagating_vgws": [],
            "route": [
              {
                "carrier_gateway_id": "",
                "cidr_block": "0.0.0.0/0",
                "destination_prefix_list_id": "",
                "egress_only_gateway_id": "",
                "gateway_id": "igw-0cf9bef60e30a63dc",
                "instance_id": "",
                "ipv6_cidr_block": "",
                "local_gateway_id": "",
                "nat_gateway_id": "",
                "network_interface_id": "",
                "transit_gateway_id": "",
                "vpc_endpoint_id": "",
                "vpc_peering_connection_id": ""
              }
            ],
            "tags": {
              "Name": "public-0"
            },
            "tags_all": {
              "Name": "public-0"
            },
            "timeouts": null,
            "vpc_id": "vpc-02affd65c9733ee7c"
          },
          "sensitive_attributes": [],
          "private": "eyJlMmJmYjczMC1lY2FhLTExZTYtOGY4OC0zNDM2M2JjN2M0YzAiOnsiY3JlYXRlIjozMDAwMDAwMDAwMDAsImRlbGV0ZSI6MzAwMDAwMDAwMDAwLCJ1cGRhdGUiOjEyMDAwMDAwMDAwMH19",
          "dependencies": [
            "module.vpc.aws_internet_gateway.igw",
            "module.vpc.aws_vpc.main"
          ]
        },
        {
          "index_key": 1,
          "schema_version": 0,
          "attributes": {
            "arn": "arn:aws:ec2:us-east-1:326779754677:route-table/rtb-0ac004b5aff16e896",
            "id": "rtb-0ac004b5aff16e896",
            "owner_id": "326779754677",
            "propagating_vgws": [],
            "route": [
              {
                "carrier_gateway_id": "",
                "cidr_block": "0.0.0.0/0",
                "destination_prefix_list_id": "",
                "egress_only_gateway_id": "",
                "gateway_id": "igw-0cf9bef60e30a63dc",
                "instance_id": "",
                "ipv6_cidr_block": "",
                "local_gateway_id": "",
                "nat_gateway_id": "",
                "network_interface_id": "",
                "transit_gateway_id": "",
                "vpc_endpoint_id": "",
                "vpc_peering_connection_id": ""
              }
            ],
            "tags": {
              "Name": "public-1"
            },
            "tags_all": {
              "Name": "public-1"
            },
            "timeouts": null,
            "vpc_id": "vpc-02affd65c9733ee7c"
          },
          "sensitive_attributes": [],
          "private": "eyJlMmJmYjczMC1lY2FhLTExZTYtOGY4OC0zNDM2M2JjN2M0YzAiOnsiY3JlYXRlIjozMDAwMDAwMDAwMDAsImRlbGV0ZSI6MzAwMDAwMDAwMDAwLCJ1cGRhdGUiOjEyMDAwMDAwMDAwMH19",
          "dependencies": [
            "module.vpc.aws_internet_gateway.igw",
            "module.vpc.aws_vpc.main"
          ]
        }
      ]
    },
    {
      "module": "module.subnet",
      "mode": "managed",
      "type": "aws_route_table_association",
      "name": "private_rtb_assoc",
      "provider": "provider[\"registry.terraform.io/hashicorp/aws\"]",
      "instances": [
        {
          "index_key": 0,
          "schema_version": 0,
          "attributes": {
            "gateway_id": "",
            "id": "rtbassoc-01d3c1867fd4b610e",
            "route_table_id": "rtb-0ff3c52b84a27385a",
            "subnet_id": "subnet-0ce06c74cd847af31"
          },
          "sensitive_attributes": [],
          "private": "bnVsbA==",
          "dependencies": [
            "module.elastic_ip.aws_eip.elastic_ip",
            "module.nate_gatway.aws_nat_gateway.ntgw",
            "module.subnet.aws_route_table.private_rtb",
            "module.subnet.aws_subnet.private_subnets",
            "module.subnet.aws_subnet.public",
            "module.vpc.aws_vpc.main"
          ]
        },
        {
          "index_key": 1,
          "schema_version": 0,
          "attributes": {
            "gateway_id": "",
            "id": "rtbassoc-0a8f6da866d57aee8",
            "route_table_id": "rtb-0ddd6c61d2596e2e8",
            "subnet_id": "subnet-0e6715048c2f15bcc"
          },
          "sensitive_attributes": [],
          "private": "bnVsbA==",
          "dependencies": [
            "module.elastic_ip.aws_eip.elastic_ip",
            "module.nate_gatway.aws_nat_gateway.ntgw",
            "module.subnet.aws_route_table.private_rtb",
            "module.subnet.aws_subnet.private_subnets",
            "module.subnet.aws_subnet.public",
            "module.vpc.aws_vpc.main"
          ]
        }
      ]
    },
    {
      "module": "module.subnet",
      "mode": "managed",
      "type": "aws_route_table_association",
      "name": "public_rtb_assoc",
      "provider": "provider[\"registry.terraform.io/hashicorp/aws\"]",
      "instances": [
        {
          "index_key": 0,
          "schema_version": 0,
          "attributes": {
            "gateway_id": "",
            "id": "rtbassoc-063d7a6f71731c78c",
            "route_table_id": "rtb-0da76a664f4c676cb",
            "subnet_id": "subnet-051da7d21ea5966d0"
          },
          "sensitive_attributes": [],
          "private": "bnVsbA==",
          "dependencies": [
            "module.subnet.aws_route_table.public_rtb",
            "module.subnet.aws_subnet.public",
            "module.vpc.aws_internet_gateway.igw",
            "module.vpc.aws_vpc.main"
          ]
        },
        {
          "index_key": 1,
          "schema_version": 0,
          "attributes": {
            "gateway_id": "",
            "id": "rtbassoc-0011169714e64aad1",
            "route_table_id": "rtb-0ac004b5aff16e896",
            "subnet_id": "subnet-0fd8c61d9cb7df065"
          },
          "sensitive_attributes": [],
          "private": "bnVsbA==",
          "dependencies": [
            "module.subnet.aws_route_table.public_rtb",
            "module.subnet.aws_subnet.public",
            "module.vpc.aws_internet_gateway.igw",
            "module.vpc.aws_vpc.main"
          ]
        }
      ]
    },
    {
      "module": "module.subnet",
      "mode": "managed",
      "type": "aws_subnet",
      "name": "private_subnets",
      "provider": "provider[\"registry.terraform.io/hashicorp/aws\"]",
      "instances": [
        {
          "index_key": 0,
          "schema_version": 1,
          "attributes": {
            "arn": "arn:aws:ec2:us-east-1:326779754677:subnet/subnet-0ce06c74cd847af31",
            "assign_ipv6_address_on_creation": false,
            "availability_zone": "us-east-1a",
            "availability_zone_id": "use1-az6",
            "cidr_block": "10.0.2.0/24",
            "customer_owned_ipv4_pool": "",
            "enable_dns64": false,
            "enable_resource_name_dns_a_record_on_launch": false,
            "enable_resource_name_dns_aaaa_record_on_launch": false,
            "id": "subnet-0ce06c74cd847af31",
            "ipv6_cidr_block": "",
            "ipv6_cidr_block_association_id": "",
            "ipv6_native": false,
            "map_customer_owned_ip_on_launch": false,
            "map_public_ip_on_launch": false,
            "outpost_arn": "",
            "owner_id": "326779754677",
            "private_dns_hostname_type_on_launch": "ip-name",
            "tags": {
              "Name": "private-0"
            },
            "tags_all": {
              "Name": "private-0"
            },
            "timeouts": null,
            "vpc_id": "vpc-02affd65c9733ee7c"
          },
          "sensitive_attributes": [],
          "private": "eyJlMmJmYjczMC1lY2FhLTExZTYtOGY4OC0zNDM2M2JjN2M0YzAiOnsiY3JlYXRlIjo2MDAwMDAwMDAwMDAsImRlbGV0ZSI6MTIwMDAwMDAwMDAwMH0sInNjaGVtYV92ZXJzaW9uIjoiMSJ9",
          "dependencies": [
            "module.vpc.aws_vpc.main"
          ]
        },
        {
          "index_key": 1,
          "schema_version": 1,
          "attributes": {
            "arn": "arn:aws:ec2:us-east-1:326779754677:subnet/subnet-0e6715048c2f15bcc",
            "assign_ipv6_address_on_creation": false,
            "availability_zone": "us-east-1b",
            "availability_zone_id": "use1-az1",
            "cidr_block": "10.0.3.0/24",
            "customer_owned_ipv4_pool": "",
            "enable_dns64": false,
            "enable_resource_name_dns_a_record_on_launch": false,
            "enable_resource_name_dns_aaaa_record_on_launch": false,
            "id": "subnet-0e6715048c2f15bcc",
            "ipv6_cidr_block": "",
            "ipv6_cidr_block_association_id": "",
            "ipv6_native": false,
            "map_customer_owned_ip_on_launch": false,
            "map_public_ip_on_launch": false,
            "outpost_arn": "",
            "owner_id": "326779754677",
            "private_dns_hostname_type_on_launch": "ip-name",
            "tags": {
              "Name": "private-1"
            },
            "tags_all": {
              "Name": "private-1"
            },
            "timeouts": null,
            "vpc_id": "vpc-02affd65c9733ee7c"
          },
          "sensitive_attributes": [],
          "private": "eyJlMmJmYjczMC1lY2FhLTExZTYtOGY4OC0zNDM2M2JjN2M0YzAiOnsiY3JlYXRlIjo2MDAwMDAwMDAwMDAsImRlbGV0ZSI6MTIwMDAwMDAwMDAwMH0sInNjaGVtYV92ZXJzaW9uIjoiMSJ9",
          "dependencies": [
            "module.vpc.aws_vpc.main"
          ]
        }
      ]
    },
    {
      "module": "module.subnet",
      "mode": "managed",
      "type": "aws_subnet",
      "name": "public",
      "provider": "provider[\"registry.terraform.io/hashicorp/aws\"]",
      "instances": [
        {
          "index_key": 0,
          "schema_version": 1,
          "attributes": {
            "arn": "arn:aws:ec2:us-east-1:326779754677:subnet/subnet-051da7d21ea5966d0",
            "assign_ipv6_address_on_creation": false,
            "availability_zone": "us-east-1a",
            "availability_zone_id": "use1-az6",
            "cidr_block": "10.0.0.0/24",
            "customer_owned_ipv4_pool": "",
            "enable_dns64": false,
            "enable_resource_name_dns_a_record_on_launch": false,
            "enable_resource_name_dns_aaaa_record_on_launch": false,
            "id": "subnet-051da7d21ea5966d0",
            "ipv6_cidr_block": "",
            "ipv6_cidr_block_association_id": "",
            "ipv6_native": false,
            "map_customer_owned_ip_on_launch": false,
            "map_public_ip_on_launch": false,
            "outpost_arn": "",
            "owner_id": "326779754677",
            "private_dns_hostname_type_on_launch": "ip-name",
            "tags": {
              "Name": "public-0"
            },
            "tags_all": {
              "Name": "public-0"
            },
            "timeouts": null,
            "vpc_id": "vpc-02affd65c9733ee7c"
          },
          "sensitive_attributes": [],
          "private": "eyJlMmJmYjczMC1lY2FhLTExZTYtOGY4OC0zNDM2M2JjN2M0YzAiOnsiY3JlYXRlIjo2MDAwMDAwMDAwMDAsImRlbGV0ZSI6MTIwMDAwMDAwMDAwMH0sInNjaGVtYV92ZXJzaW9uIjoiMSJ9",
          "dependencies": [
            "module.vpc.aws_vpc.main"
          ]
        },
        {
          "index_key": 1,
          "schema_version": 1,
          "attributes": {
            "arn": "arn:aws:ec2:us-east-1:326779754677:subnet/subnet-0fd8c61d9cb7df065",
            "assign_ipv6_address_on_creation": false,
            "availability_zone": "us-east-1b",
            "availability_zone_id": "use1-az1",
            "cidr_block": "10.0.1.0/24",
            "customer_owned_ipv4_pool": "",
            "enable_dns64": false,
            "enable_resource_name_dns_a_record_on_launch": false,
            "enable_resource_name_dns_aaaa_record_on_launch": false,
            "id": "subnet-0fd8c61d9cb7df065",
            "ipv6_cidr_block": "",
            "ipv6_cidr_block_association_id": "",
            "ipv6_native": false,
            "map_customer_owned_ip_on_launch": false,
            "map_public_ip_on_launch": false,
            "outpost_arn": "",
            "owner_id": "326779754677",
            "private_dns_hostname_type_on_launch": "ip-name",
            "tags": {
              "Name": "public-1"
            },
            "tags_all": {
              "Name": "public-1"
            },
            "timeouts": null,
            "vpc_id": "vpc-02affd65c9733ee7c"
          },
          "sensitive_attributes": [],
          "private": "eyJlMmJmYjczMC1lY2FhLTExZTYtOGY4OC0zNDM2M2JjN2M0YzAiOnsiY3JlYXRlIjo2MDAwMDAwMDAwMDAsImRlbGV0ZSI6MTIwMDAwMDAwMDAwMH0sInNjaGVtYV92ZXJzaW9uIjoiMSJ9",
          "dependencies": [
            "module.vpc.aws_vpc.main"
          ]
        }
      ]
    },
    {
      "module": "module.vpc",
      "mode": "managed",
      "type": "aws_internet_gateway",
      "name": "igw",
      "provider": "provider[\"registry.terraform.io/hashicorp/aws\"]",
      "instances": [
        {
          "schema_version": 0,
          "attributes": {
            "arn": "arn:aws:ec2:us-east-1:326779754677:internet-gateway/igw-0cf9bef60e30a63dc",
            "id": "igw-0cf9bef60e30a63dc",
            "owner_id": "326779754677",
            "tags": {},
            "tags_all": {},
            "vpc_id": "vpc-02affd65c9733ee7c"
          },
          "sensitive_attributes": [],
          "private": "bnVsbA==",
          "dependencies": [
            "module.vpc.aws_vpc.main"
          ]
        }
      ]
    },
    {
      "module": "module.vpc",
      "mode": "managed",
      "type": "aws_vpc",
      "name": "main",
      "provider": "provider[\"registry.terraform.io/hashicorp/aws\"]",
      "instances": [
        {
          "schema_version": 1,
          "attributes": {
            "arn": "arn:aws:ec2:us-east-1:326779754677:vpc/vpc-02affd65c9733ee7c",
            "assign_generated_ipv6_cidr_block": false,
            "cidr_block": "10.0.0.0/16",
            "default_network_acl_id": "acl-09211509232306d8b",
            "default_route_table_id": "rtb-04f1da6c0220eaee3",
            "default_security_group_id": "sg-05f8496c673f2affb",
            "dhcp_options_id": "dopt-e7eef39d",
            "enable_classiclink": false,
            "enable_classiclink_dns_support": false,
            "enable_dns_hostnames": false,
            "enable_dns_support": true,
            "id": "vpc-02affd65c9733ee7c",
            "instance_tenancy": "default",
            "ipv4_ipam_pool_id": null,
            "ipv4_netmask_length": null,
            "ipv6_association_id": "",
            "ipv6_cidr_block": "",
            "ipv6_cidr_block_network_border_group": "",
            "ipv6_ipam_pool_id": "",
            "ipv6_netmask_length": 0,
            "main_route_table_id": "rtb-04f1da6c0220eaee3",
            "owner_id": "326779754677",
            "tags": {
              "Name": "main"
            },
            "tags_all": {
              "Name": "main"
            }
          },
          "sensitive_attributes": [],
          "private": "eyJzY2hlbWFfdmVyc2lvbiI6IjEifQ=="
        }
      ]
    }
  ],
  "check_results": null
}
